// !$*UTF8*$!
{
	archiveVersion = 1;
	classes = {
	};
	objectVersion = 46;
	objects = {

/* Begin PBXAggregateTarget section */
		"Push::PushPackageTests::ProductTarget" /* PushPackageTests */ = {
			isa = PBXAggregateTarget;
			buildConfigurationList = OBJ_210 /* Build configuration list for PBXAggregateTarget "PushPackageTests" */;
			buildPhases = (
			);
			dependencies = (
				OBJ_213 /* PBXTargetDependency */,
			);
			name = PushPackageTests;
			productName = PushPackageTests;
		};
/* End PBXAggregateTarget section */

/* Begin PBXBuildFile section */
		50A7F5E623EDC4C7001A1FC8 /* Log.swift in Sources */ = {isa = PBXBuildFile; fileRef = 50A7F5E423EDC4C7001A1FC8 /* Log.swift */; };
		50A7F5E723EDC4C7001A1FC8 /* Shell.swift in Sources */ = {isa = PBXBuildFile; fileRef = 50A7F5E523EDC4C7001A1FC8 /* Shell.swift */; };
		50A7F5E923EDC814001A1FC8 /* Payload.swift in Sources */ = {isa = PBXBuildFile; fileRef = 50A7F5E823EDC814001A1FC8 /* Payload.swift */; };
		OBJ_123 /* Await.swift in Sources */ = {isa = PBXBuildFile; fileRef = OBJ_19 /* Await.swift */; };
		OBJ_124 /* ByteString.swift in Sources */ = {isa = PBXBuildFile; fileRef = OBJ_20 /* ByteString.swift */; };
		OBJ_125 /* CStringArray.swift in Sources */ = {isa = PBXBuildFile; fileRef = OBJ_21 /* CStringArray.swift */; };
		OBJ_126 /* CacheableSequence.swift in Sources */ = {isa = PBXBuildFile; fileRef = OBJ_22 /* CacheableSequence.swift */; };
		OBJ_127 /* CollectionAlgorithms.swift in Sources */ = {isa = PBXBuildFile; fileRef = OBJ_23 /* CollectionAlgorithms.swift */; };
		OBJ_128 /* CollectionExtensions.swift in Sources */ = {isa = PBXBuildFile; fileRef = OBJ_24 /* CollectionExtensions.swift */; };
		OBJ_129 /* Condition.swift in Sources */ = {isa = PBXBuildFile; fileRef = OBJ_25 /* Condition.swift */; };
		OBJ_130 /* DeltaAlgorithm.swift in Sources */ = {isa = PBXBuildFile; fileRef = OBJ_26 /* DeltaAlgorithm.swift */; };
		OBJ_131 /* DiagnosticsEngine.swift in Sources */ = {isa = PBXBuildFile; fileRef = OBJ_27 /* DiagnosticsEngine.swift */; };
		OBJ_132 /* DictionaryExtensions.swift in Sources */ = {isa = PBXBuildFile; fileRef = OBJ_28 /* DictionaryExtensions.swift */; };
		OBJ_133 /* DictionaryLiteralExtensions.swift in Sources */ = {isa = PBXBuildFile; fileRef = OBJ_29 /* DictionaryLiteralExtensions.swift */; };
		OBJ_134 /* EditDistance.swift in Sources */ = {isa = PBXBuildFile; fileRef = OBJ_30 /* EditDistance.swift */; };
		OBJ_135 /* FileInfo.swift in Sources */ = {isa = PBXBuildFile; fileRef = OBJ_31 /* FileInfo.swift */; };
		OBJ_136 /* FileSystem.swift in Sources */ = {isa = PBXBuildFile; fileRef = OBJ_32 /* FileSystem.swift */; };
		OBJ_137 /* GraphAlgorithms.swift in Sources */ = {isa = PBXBuildFile; fileRef = OBJ_33 /* GraphAlgorithms.swift */; };
		OBJ_138 /* JSON.swift in Sources */ = {isa = PBXBuildFile; fileRef = OBJ_34 /* JSON.swift */; };
		OBJ_139 /* JSONMapper.swift in Sources */ = {isa = PBXBuildFile; fileRef = OBJ_35 /* JSONMapper.swift */; };
		OBJ_140 /* KeyedPair.swift in Sources */ = {isa = PBXBuildFile; fileRef = OBJ_36 /* KeyedPair.swift */; };
		OBJ_141 /* LazyCache.swift in Sources */ = {isa = PBXBuildFile; fileRef = OBJ_37 /* LazyCache.swift */; };
		OBJ_142 /* Lock.swift in Sources */ = {isa = PBXBuildFile; fileRef = OBJ_38 /* Lock.swift */; };
		OBJ_143 /* ObjectIdentifierProtocol.swift in Sources */ = {isa = PBXBuildFile; fileRef = OBJ_39 /* ObjectIdentifierProtocol.swift */; };
		OBJ_144 /* OrderedDictionary.swift in Sources */ = {isa = PBXBuildFile; fileRef = OBJ_40 /* OrderedDictionary.swift */; };
		OBJ_145 /* OrderedSet.swift in Sources */ = {isa = PBXBuildFile; fileRef = OBJ_41 /* OrderedSet.swift */; };
		OBJ_146 /* OutputByteStream.swift in Sources */ = {isa = PBXBuildFile; fileRef = OBJ_42 /* OutputByteStream.swift */; };
		OBJ_147 /* Path.swift in Sources */ = {isa = PBXBuildFile; fileRef = OBJ_43 /* Path.swift */; };
		OBJ_148 /* PathShims.swift in Sources */ = {isa = PBXBuildFile; fileRef = OBJ_44 /* PathShims.swift */; };
		OBJ_149 /* Process.swift in Sources */ = {isa = PBXBuildFile; fileRef = OBJ_45 /* Process.swift */; };
		OBJ_150 /* ProcessEnv.swift in Sources */ = {isa = PBXBuildFile; fileRef = OBJ_46 /* ProcessEnv.swift */; };
		OBJ_151 /* ProcessSet.swift in Sources */ = {isa = PBXBuildFile; fileRef = OBJ_47 /* ProcessSet.swift */; };
		OBJ_152 /* RegEx.swift in Sources */ = {isa = PBXBuildFile; fileRef = OBJ_48 /* RegEx.swift */; };
		OBJ_153 /* Result.swift in Sources */ = {isa = PBXBuildFile; fileRef = OBJ_49 /* Result.swift */; };
		OBJ_154 /* SHA256.swift in Sources */ = {isa = PBXBuildFile; fileRef = OBJ_50 /* SHA256.swift */; };
		OBJ_155 /* SortedArray.swift in Sources */ = {isa = PBXBuildFile; fileRef = OBJ_51 /* SortedArray.swift */; };
		OBJ_156 /* StringConversions.swift in Sources */ = {isa = PBXBuildFile; fileRef = OBJ_52 /* StringConversions.swift */; };
		OBJ_157 /* SynchronizedQueue.swift in Sources */ = {isa = PBXBuildFile; fileRef = OBJ_53 /* SynchronizedQueue.swift */; };
		OBJ_158 /* TemporaryFile.swift in Sources */ = {isa = PBXBuildFile; fileRef = OBJ_54 /* TemporaryFile.swift */; };
		OBJ_159 /* TerminalController.swift in Sources */ = {isa = PBXBuildFile; fileRef = OBJ_55 /* TerminalController.swift */; };
		OBJ_160 /* Thread.swift in Sources */ = {isa = PBXBuildFile; fileRef = OBJ_56 /* Thread.swift */; };
		OBJ_161 /* Tuple.swift in Sources */ = {isa = PBXBuildFile; fileRef = OBJ_57 /* Tuple.swift */; };
		OBJ_162 /* misc.swift in Sources */ = {isa = PBXBuildFile; fileRef = OBJ_58 /* misc.swift */; };
		OBJ_164 /* SPMLibc.framework in Frameworks */ = {isa = PBXBuildFile; fileRef = "SwiftPM::SPMLibc::Product" /* SPMLibc.framework */; };
		OBJ_165 /* clibc.framework in Frameworks */ = {isa = PBXBuildFile; fileRef = "SwiftPM::clibc::Product" /* clibc.framework */; };
		OBJ_175 /* main.swift in Sources */ = {isa = PBXBuildFile; fileRef = OBJ_9 /* main.swift */; };
		OBJ_177 /* PushCore.framework in Frameworks */ = {isa = PBXBuildFile; fileRef = "Push::PushCore::Product" /* PushCore.framework */; };
		OBJ_178 /* SPMUtility.framework in Frameworks */ = {isa = PBXBuildFile; fileRef = "SwiftPM::SPMUtility::Product" /* SPMUtility.framework */; };
		OBJ_179 /* Basic.framework in Frameworks */ = {isa = PBXBuildFile; fileRef = "SwiftPM::Basic::Product" /* Basic.framework */; };
		OBJ_180 /* SPMLibc.framework in Frameworks */ = {isa = PBXBuildFile; fileRef = "SwiftPM::SPMLibc::Product" /* SPMLibc.framework */; };
		OBJ_181 /* clibc.framework in Frameworks */ = {isa = PBXBuildFile; fileRef = "SwiftPM::clibc::Product" /* clibc.framework */; };
		OBJ_193 /* Push.swift in Sources */ = {isa = PBXBuildFile; fileRef = OBJ_11 /* Push.swift */; };
		OBJ_195 /* SPMUtility.framework in Frameworks */ = {isa = PBXBuildFile; fileRef = "SwiftPM::SPMUtility::Product" /* SPMUtility.framework */; };
		OBJ_196 /* Basic.framework in Frameworks */ = {isa = PBXBuildFile; fileRef = "SwiftPM::Basic::Product" /* Basic.framework */; };
		OBJ_197 /* SPMLibc.framework in Frameworks */ = {isa = PBXBuildFile; fileRef = "SwiftPM::SPMLibc::Product" /* SPMLibc.framework */; };
		OBJ_198 /* clibc.framework in Frameworks */ = {isa = PBXBuildFile; fileRef = "SwiftPM::clibc::Product" /* clibc.framework */; };
		OBJ_208 /* Package.swift in Sources */ = {isa = PBXBuildFile; fileRef = OBJ_6 /* Package.swift */; };
		OBJ_219 /* PushTests.swift in Sources */ = {isa = PBXBuildFile; fileRef = OBJ_14 /* PushTests.swift */; };
		OBJ_220 /* XCTestManifests.swift in Sources */ = {isa = PBXBuildFile; fileRef = OBJ_15 /* XCTestManifests.swift */; };
		OBJ_222 /* PushCore.framework in Frameworks */ = {isa = PBXBuildFile; fileRef = "Push::PushCore::Product" /* PushCore.framework */; };
		OBJ_223 /* SPMUtility.framework in Frameworks */ = {isa = PBXBuildFile; fileRef = "SwiftPM::SPMUtility::Product" /* SPMUtility.framework */; };
		OBJ_224 /* Basic.framework in Frameworks */ = {isa = PBXBuildFile; fileRef = "SwiftPM::Basic::Product" /* Basic.framework */; };
		OBJ_225 /* SPMLibc.framework in Frameworks */ = {isa = PBXBuildFile; fileRef = "SwiftPM::SPMLibc::Product" /* SPMLibc.framework */; };
		OBJ_226 /* clibc.framework in Frameworks */ = {isa = PBXBuildFile; fileRef = "SwiftPM::clibc::Product" /* clibc.framework */; };
		OBJ_236 /* libc.swift in Sources */ = {isa = PBXBuildFile; fileRef = OBJ_67 /* libc.swift */; };
		OBJ_238 /* clibc.framework in Frameworks */ = {isa = PBXBuildFile; fileRef = "SwiftPM::clibc::Product" /* clibc.framework */; };
		OBJ_244 /* ArgumentParser.swift in Sources */ = {isa = PBXBuildFile; fileRef = OBJ_69 /* ArgumentParser.swift */; };
		OBJ_245 /* ArgumentParserShellCompletion.swift in Sources */ = {isa = PBXBuildFile; fileRef = OBJ_70 /* ArgumentParserShellCompletion.swift */; };
		OBJ_246 /* BuildFlags.swift in Sources */ = {isa = PBXBuildFile; fileRef = OBJ_71 /* BuildFlags.swift */; };
		OBJ_247 /* CollectionExtensions.swift in Sources */ = {isa = PBXBuildFile; fileRef = OBJ_72 /* CollectionExtensions.swift */; };
		OBJ_248 /* Diagnostics.swift in Sources */ = {isa = PBXBuildFile; fileRef = OBJ_73 /* Diagnostics.swift */; };
		OBJ_249 /* FSWatch.swift in Sources */ = {isa = PBXBuildFile; fileRef = OBJ_74 /* FSWatch.swift */; };
		OBJ_250 /* Git.swift in Sources */ = {isa = PBXBuildFile; fileRef = OBJ_75 /* Git.swift */; };
		OBJ_251 /* IndexStore.swift in Sources */ = {isa = PBXBuildFile; fileRef = OBJ_76 /* IndexStore.swift */; };
		OBJ_252 /* InterruptHandler.swift in Sources */ = {isa = PBXBuildFile; fileRef = OBJ_77 /* InterruptHandler.swift */; };
		OBJ_253 /* PkgConfig.swift in Sources */ = {isa = PBXBuildFile; fileRef = OBJ_78 /* PkgConfig.swift */; };
		OBJ_254 /* Platform.swift in Sources */ = {isa = PBXBuildFile; fileRef = OBJ_79 /* Platform.swift */; };
		OBJ_255 /* Process.swift in Sources */ = {isa = PBXBuildFile; fileRef = OBJ_80 /* Process.swift */; };
		OBJ_256 /* ProgressAnimation.swift in Sources */ = {isa = PBXBuildFile; fileRef = OBJ_81 /* ProgressAnimation.swift */; };
		OBJ_257 /* SimplePersistence.swift in Sources */ = {isa = PBXBuildFile; fileRef = OBJ_82 /* SimplePersistence.swift */; };
		OBJ_258 /* StringExtensions.swift in Sources */ = {isa = PBXBuildFile; fileRef = OBJ_83 /* StringExtensions.swift */; };
		OBJ_259 /* StringMangling.swift in Sources */ = {isa = PBXBuildFile; fileRef = OBJ_84 /* StringMangling.swift */; };
		OBJ_260 /* URL.swift in Sources */ = {isa = PBXBuildFile; fileRef = OBJ_85 /* URL.swift */; };
		OBJ_261 /* Verbosity.swift in Sources */ = {isa = PBXBuildFile; fileRef = OBJ_86 /* Verbosity.swift */; };
		OBJ_262 /* Version.swift in Sources */ = {isa = PBXBuildFile; fileRef = OBJ_87 /* Version.swift */; };
		OBJ_263 /* Versioning.swift in Sources */ = {isa = PBXBuildFile; fileRef = OBJ_88 /* Versioning.swift */; };
		OBJ_264 /* dlopen.swift in Sources */ = {isa = PBXBuildFile; fileRef = OBJ_89 /* dlopen.swift */; };
		OBJ_265 /* misc.swift in Sources */ = {isa = PBXBuildFile; fileRef = OBJ_90 /* misc.swift */; };
		OBJ_267 /* Basic.framework in Frameworks */ = {isa = PBXBuildFile; fileRef = "SwiftPM::Basic::Product" /* Basic.framework */; };
		OBJ_268 /* SPMLibc.framework in Frameworks */ = {isa = PBXBuildFile; fileRef = "SwiftPM::SPMLibc::Product" /* SPMLibc.framework */; };
		OBJ_269 /* clibc.framework in Frameworks */ = {isa = PBXBuildFile; fileRef = "SwiftPM::clibc::Product" /* clibc.framework */; };
		OBJ_278 /* Package.swift in Sources */ = {isa = PBXBuildFile; fileRef = OBJ_107 /* Package.swift */; };
		OBJ_283 /* libc.c in Sources */ = {isa = PBXBuildFile; fileRef = OBJ_97 /* libc.c */; };
/* End PBXBuildFile section */

/* Begin PBXContainerItemProxy section */
		50A7F5CE23EDC4A8001A1FC8 /* PBXContainerItemProxy */ = {
			isa = PBXContainerItemProxy;
			containerPortal = OBJ_1 /* Project object */;
			proxyType = 1;
			remoteGlobalIDString = "SwiftPM::SPMUtility";
			remoteInfo = SPMUtility;
		};
		50A7F5CF23EDC4A8001A1FC8 /* PBXContainerItemProxy */ = {
			isa = PBXContainerItemProxy;
			containerPortal = OBJ_1 /* Project object */;
			proxyType = 1;
			remoteGlobalIDString = "SwiftPM::Basic";
			remoteInfo = Basic;
		};
		50A7F5D023EDC4A8001A1FC8 /* PBXContainerItemProxy */ = {
			isa = PBXContainerItemProxy;
			containerPortal = OBJ_1 /* Project object */;
			proxyType = 1;
			remoteGlobalIDString = "SwiftPM::SPMLibc";
			remoteInfo = SPMLibc;
		};
		50A7F5D123EDC4A8001A1FC8 /* PBXContainerItemProxy */ = {
			isa = PBXContainerItemProxy;
			containerPortal = OBJ_1 /* Project object */;
			proxyType = 1;
			remoteGlobalIDString = "SwiftPM::clibc";
			remoteInfo = clibc;
		};
		50A7F5D223EDC4A8001A1FC8 /* PBXContainerItemProxy */ = {
			isa = PBXContainerItemProxy;
			containerPortal = OBJ_1 /* Project object */;
			proxyType = 1;
			remoteGlobalIDString = "SwiftPM::clibc";
			remoteInfo = clibc;
		};
		50A7F5D323EDC4A8001A1FC8 /* PBXContainerItemProxy */ = {
			isa = PBXContainerItemProxy;
			containerPortal = OBJ_1 /* Project object */;
			proxyType = 1;
			remoteGlobalIDString = "SwiftPM::SPMLibc";
			remoteInfo = SPMLibc;
		};
		50A7F5D423EDC4A8001A1FC8 /* PBXContainerItemProxy */ = {
			isa = PBXContainerItemProxy;
			containerPortal = OBJ_1 /* Project object */;
			proxyType = 1;
			remoteGlobalIDString = "SwiftPM::clibc";
			remoteInfo = clibc;
		};
		50A7F5D523EDC4A8001A1FC8 /* PBXContainerItemProxy */ = {
			isa = PBXContainerItemProxy;
			containerPortal = OBJ_1 /* Project object */;
			proxyType = 1;
			remoteGlobalIDString = "SwiftPM::Basic";
			remoteInfo = Basic;
		};
		50A7F5D623EDC4A8001A1FC8 /* PBXContainerItemProxy */ = {
			isa = PBXContainerItemProxy;
			containerPortal = OBJ_1 /* Project object */;
			proxyType = 1;
			remoteGlobalIDString = "SwiftPM::SPMLibc";
			remoteInfo = SPMLibc;
		};
		50A7F5D723EDC4A8001A1FC8 /* PBXContainerItemProxy */ = {
			isa = PBXContainerItemProxy;
			containerPortal = OBJ_1 /* Project object */;
			proxyType = 1;
			remoteGlobalIDString = "SwiftPM::clibc";
			remoteInfo = clibc;
		};
		50A7F5D823EDC4A8001A1FC8 /* PBXContainerItemProxy */ = {
			isa = PBXContainerItemProxy;
			containerPortal = OBJ_1 /* Project object */;
			proxyType = 1;
			remoteGlobalIDString = "Push::PushCore";
			remoteInfo = PushCore;
		};
		50A7F5D923EDC4A8001A1FC8 /* PBXContainerItemProxy */ = {
			isa = PBXContainerItemProxy;
			containerPortal = OBJ_1 /* Project object */;
			proxyType = 1;
			remoteGlobalIDString = "SwiftPM::SPMUtility";
			remoteInfo = SPMUtility;
		};
		50A7F5DA23EDC4A8001A1FC8 /* PBXContainerItemProxy */ = {
			isa = PBXContainerItemProxy;
			containerPortal = OBJ_1 /* Project object */;
			proxyType = 1;
			remoteGlobalIDString = "SwiftPM::Basic";
			remoteInfo = Basic;
		};
		50A7F5DB23EDC4A8001A1FC8 /* PBXContainerItemProxy */ = {
			isa = PBXContainerItemProxy;
			containerPortal = OBJ_1 /* Project object */;
			proxyType = 1;
			remoteGlobalIDString = "SwiftPM::SPMLibc";
			remoteInfo = SPMLibc;
		};
		50A7F5DC23EDC4A8001A1FC8 /* PBXContainerItemProxy */ = {
			isa = PBXContainerItemProxy;
			containerPortal = OBJ_1 /* Project object */;
			proxyType = 1;
			remoteGlobalIDString = "SwiftPM::clibc";
			remoteInfo = clibc;
		};
		50A7F5DD23EDC4A8001A1FC8 /* PBXContainerItemProxy */ = {
			isa = PBXContainerItemProxy;
			containerPortal = OBJ_1 /* Project object */;
			proxyType = 1;
			remoteGlobalIDString = "Push::PushCore";
			remoteInfo = PushCore;
		};
		50A7F5DE23EDC4A8001A1FC8 /* PBXContainerItemProxy */ = {
			isa = PBXContainerItemProxy;
			containerPortal = OBJ_1 /* Project object */;
			proxyType = 1;
			remoteGlobalIDString = "SwiftPM::SPMUtility";
			remoteInfo = SPMUtility;
		};
		50A7F5DF23EDC4A8001A1FC8 /* PBXContainerItemProxy */ = {
			isa = PBXContainerItemProxy;
			containerPortal = OBJ_1 /* Project object */;
			proxyType = 1;
			remoteGlobalIDString = "SwiftPM::Basic";
			remoteInfo = Basic;
		};
		50A7F5E023EDC4A8001A1FC8 /* PBXContainerItemProxy */ = {
			isa = PBXContainerItemProxy;
			containerPortal = OBJ_1 /* Project object */;
			proxyType = 1;
			remoteGlobalIDString = "SwiftPM::SPMLibc";
			remoteInfo = SPMLibc;
		};
		50A7F5E123EDC4A8001A1FC8 /* PBXContainerItemProxy */ = {
			isa = PBXContainerItemProxy;
			containerPortal = OBJ_1 /* Project object */;
			proxyType = 1;
			remoteGlobalIDString = "SwiftPM::clibc";
			remoteInfo = clibc;
		};
		50A7F5E223EDC4A8001A1FC8 /* PBXContainerItemProxy */ = {
			isa = PBXContainerItemProxy;
			containerPortal = OBJ_1 /* Project object */;
			proxyType = 1;
			remoteGlobalIDString = "Push::PushTests";
			remoteInfo = PushTests;
		};
/* End PBXContainerItemProxy section */

/* Begin PBXFileReference section */
		50A7F5E423EDC4C7001A1FC8 /* Log.swift */ = {isa = PBXFileReference; fileEncoding = 4; lastKnownFileType = sourcecode.swift; path = Log.swift; sourceTree = "<group>"; };
		50A7F5E523EDC4C7001A1FC8 /* Shell.swift */ = {isa = PBXFileReference; fileEncoding = 4; lastKnownFileType = sourcecode.swift; path = Shell.swift; sourceTree = "<group>"; };
		50A7F5E823EDC814001A1FC8 /* Payload.swift */ = {isa = PBXFileReference; lastKnownFileType = sourcecode.swift; path = Payload.swift; sourceTree = "<group>"; };
		OBJ_100 /* indexstore_functions.h */ = {isa = PBXFileReference; lastKnownFileType = sourcecode.c.h; path = indexstore_functions.h; sourceTree = "<group>"; };
		OBJ_101 /* module.modulemap */ = {isa = PBXFileReference; lastKnownFileType = "sourcecode.module-map"; name = module.modulemap; path = "/Users/antoinevanderlee/Documents/GIT-Projects/Eigen/Push/.build/checkouts/swift-package-manager/Sources/clibc/include/module.modulemap"; sourceTree = "<group>"; };
		OBJ_107 /* Package.swift */ = {isa = PBXFileReference; explicitFileType = sourcecode.swift; name = Package.swift; path = "/Users/antoinevanderlee/Documents/GIT-Projects/Eigen/Push/.build/checkouts/swift-package-manager/Package.swift"; sourceTree = "<group>"; };
		OBJ_11 /* Push.swift */ = {isa = PBXFileReference; lastKnownFileType = sourcecode.swift; path = Push.swift; sourceTree = "<group>"; };
		OBJ_116 /* LICENSE */ = {isa = PBXFileReference; lastKnownFileType = text; path = LICENSE; sourceTree = "<group>"; };
		OBJ_117 /* README.md */ = {isa = PBXFileReference; lastKnownFileType = net.daringfireball.markdown; path = README.md; sourceTree = "<group>"; };
		OBJ_14 /* PushTests.swift */ = {isa = PBXFileReference; lastKnownFileType = sourcecode.swift; path = PushTests.swift; sourceTree = "<group>"; };
		OBJ_15 /* XCTestManifests.swift */ = {isa = PBXFileReference; lastKnownFileType = sourcecode.swift; path = XCTestManifests.swift; sourceTree = "<group>"; };
		OBJ_19 /* Await.swift */ = {isa = PBXFileReference; lastKnownFileType = sourcecode.swift; path = Await.swift; sourceTree = "<group>"; };
		OBJ_20 /* ByteString.swift */ = {isa = PBXFileReference; lastKnownFileType = sourcecode.swift; path = ByteString.swift; sourceTree = "<group>"; };
		OBJ_21 /* CStringArray.swift */ = {isa = PBXFileReference; lastKnownFileType = sourcecode.swift; path = CStringArray.swift; sourceTree = "<group>"; };
		OBJ_22 /* CacheableSequence.swift */ = {isa = PBXFileReference; lastKnownFileType = sourcecode.swift; path = CacheableSequence.swift; sourceTree = "<group>"; };
		OBJ_23 /* CollectionAlgorithms.swift */ = {isa = PBXFileReference; lastKnownFileType = sourcecode.swift; path = CollectionAlgorithms.swift; sourceTree = "<group>"; };
		OBJ_24 /* CollectionExtensions.swift */ = {isa = PBXFileReference; lastKnownFileType = sourcecode.swift; path = CollectionExtensions.swift; sourceTree = "<group>"; };
		OBJ_25 /* Condition.swift */ = {isa = PBXFileReference; lastKnownFileType = sourcecode.swift; path = Condition.swift; sourceTree = "<group>"; };
		OBJ_26 /* DeltaAlgorithm.swift */ = {isa = PBXFileReference; lastKnownFileType = sourcecode.swift; path = DeltaAlgorithm.swift; sourceTree = "<group>"; };
		OBJ_27 /* DiagnosticsEngine.swift */ = {isa = PBXFileReference; lastKnownFileType = sourcecode.swift; path = DiagnosticsEngine.swift; sourceTree = "<group>"; };
		OBJ_28 /* DictionaryExtensions.swift */ = {isa = PBXFileReference; lastKnownFileType = sourcecode.swift; path = DictionaryExtensions.swift; sourceTree = "<group>"; };
		OBJ_29 /* DictionaryLiteralExtensions.swift */ = {isa = PBXFileReference; lastKnownFileType = sourcecode.swift; path = DictionaryLiteralExtensions.swift; sourceTree = "<group>"; };
		OBJ_30 /* EditDistance.swift */ = {isa = PBXFileReference; lastKnownFileType = sourcecode.swift; path = EditDistance.swift; sourceTree = "<group>"; };
		OBJ_31 /* FileInfo.swift */ = {isa = PBXFileReference; lastKnownFileType = sourcecode.swift; path = FileInfo.swift; sourceTree = "<group>"; };
		OBJ_32 /* FileSystem.swift */ = {isa = PBXFileReference; lastKnownFileType = sourcecode.swift; path = FileSystem.swift; sourceTree = "<group>"; };
		OBJ_33 /* GraphAlgorithms.swift */ = {isa = PBXFileReference; lastKnownFileType = sourcecode.swift; path = GraphAlgorithms.swift; sourceTree = "<group>"; };
		OBJ_34 /* JSON.swift */ = {isa = PBXFileReference; lastKnownFileType = sourcecode.swift; path = JSON.swift; sourceTree = "<group>"; };
		OBJ_35 /* JSONMapper.swift */ = {isa = PBXFileReference; lastKnownFileType = sourcecode.swift; path = JSONMapper.swift; sourceTree = "<group>"; };
		OBJ_36 /* KeyedPair.swift */ = {isa = PBXFileReference; lastKnownFileType = sourcecode.swift; path = KeyedPair.swift; sourceTree = "<group>"; };
		OBJ_37 /* LazyCache.swift */ = {isa = PBXFileReference; lastKnownFileType = sourcecode.swift; path = LazyCache.swift; sourceTree = "<group>"; };
		OBJ_38 /* Lock.swift */ = {isa = PBXFileReference; lastKnownFileType = sourcecode.swift; path = Lock.swift; sourceTree = "<group>"; };
		OBJ_39 /* ObjectIdentifierProtocol.swift */ = {isa = PBXFileReference; lastKnownFileType = sourcecode.swift; path = ObjectIdentifierProtocol.swift; sourceTree = "<group>"; };
		OBJ_40 /* OrderedDictionary.swift */ = {isa = PBXFileReference; lastKnownFileType = sourcecode.swift; path = OrderedDictionary.swift; sourceTree = "<group>"; };
		OBJ_41 /* OrderedSet.swift */ = {isa = PBXFileReference; lastKnownFileType = sourcecode.swift; path = OrderedSet.swift; sourceTree = "<group>"; };
		OBJ_42 /* OutputByteStream.swift */ = {isa = PBXFileReference; lastKnownFileType = sourcecode.swift; path = OutputByteStream.swift; sourceTree = "<group>"; };
		OBJ_43 /* Path.swift */ = {isa = PBXFileReference; lastKnownFileType = sourcecode.swift; path = Path.swift; sourceTree = "<group>"; };
		OBJ_44 /* PathShims.swift */ = {isa = PBXFileReference; lastKnownFileType = sourcecode.swift; path = PathShims.swift; sourceTree = "<group>"; };
		OBJ_45 /* Process.swift */ = {isa = PBXFileReference; lastKnownFileType = sourcecode.swift; path = Process.swift; sourceTree = "<group>"; };
		OBJ_46 /* ProcessEnv.swift */ = {isa = PBXFileReference; lastKnownFileType = sourcecode.swift; path = ProcessEnv.swift; sourceTree = "<group>"; };
		OBJ_47 /* ProcessSet.swift */ = {isa = PBXFileReference; lastKnownFileType = sourcecode.swift; path = ProcessSet.swift; sourceTree = "<group>"; };
		OBJ_48 /* RegEx.swift */ = {isa = PBXFileReference; lastKnownFileType = sourcecode.swift; path = RegEx.swift; sourceTree = "<group>"; };
		OBJ_49 /* Result.swift */ = {isa = PBXFileReference; lastKnownFileType = sourcecode.swift; path = Result.swift; sourceTree = "<group>"; };
		OBJ_50 /* SHA256.swift */ = {isa = PBXFileReference; lastKnownFileType = sourcecode.swift; path = SHA256.swift; sourceTree = "<group>"; };
		OBJ_51 /* SortedArray.swift */ = {isa = PBXFileReference; lastKnownFileType = sourcecode.swift; path = SortedArray.swift; sourceTree = "<group>"; };
		OBJ_52 /* StringConversions.swift */ = {isa = PBXFileReference; lastKnownFileType = sourcecode.swift; path = StringConversions.swift; sourceTree = "<group>"; };
		OBJ_53 /* SynchronizedQueue.swift */ = {isa = PBXFileReference; lastKnownFileType = sourcecode.swift; path = SynchronizedQueue.swift; sourceTree = "<group>"; };
		OBJ_54 /* TemporaryFile.swift */ = {isa = PBXFileReference; lastKnownFileType = sourcecode.swift; path = TemporaryFile.swift; sourceTree = "<group>"; };
		OBJ_55 /* TerminalController.swift */ = {isa = PBXFileReference; lastKnownFileType = sourcecode.swift; path = TerminalController.swift; sourceTree = "<group>"; };
		OBJ_56 /* Thread.swift */ = {isa = PBXFileReference; lastKnownFileType = sourcecode.swift; path = Thread.swift; sourceTree = "<group>"; };
		OBJ_57 /* Tuple.swift */ = {isa = PBXFileReference; lastKnownFileType = sourcecode.swift; path = Tuple.swift; sourceTree = "<group>"; };
		OBJ_58 /* misc.swift */ = {isa = PBXFileReference; lastKnownFileType = sourcecode.swift; path = misc.swift; sourceTree = "<group>"; };
		OBJ_6 /* Package.swift */ = {isa = PBXFileReference; explicitFileType = sourcecode.swift; path = Package.swift; sourceTree = "<group>"; };
		OBJ_67 /* libc.swift */ = {isa = PBXFileReference; lastKnownFileType = sourcecode.swift; path = libc.swift; sourceTree = "<group>"; };
		OBJ_69 /* ArgumentParser.swift */ = {isa = PBXFileReference; lastKnownFileType = sourcecode.swift; path = ArgumentParser.swift; sourceTree = "<group>"; };
		OBJ_70 /* ArgumentParserShellCompletion.swift */ = {isa = PBXFileReference; lastKnownFileType = sourcecode.swift; path = ArgumentParserShellCompletion.swift; sourceTree = "<group>"; };
		OBJ_71 /* BuildFlags.swift */ = {isa = PBXFileReference; lastKnownFileType = sourcecode.swift; path = BuildFlags.swift; sourceTree = "<group>"; };
		OBJ_72 /* CollectionExtensions.swift */ = {isa = PBXFileReference; lastKnownFileType = sourcecode.swift; path = CollectionExtensions.swift; sourceTree = "<group>"; };
		OBJ_73 /* Diagnostics.swift */ = {isa = PBXFileReference; lastKnownFileType = sourcecode.swift; path = Diagnostics.swift; sourceTree = "<group>"; };
		OBJ_74 /* FSWatch.swift */ = {isa = PBXFileReference; lastKnownFileType = sourcecode.swift; path = FSWatch.swift; sourceTree = "<group>"; };
		OBJ_75 /* Git.swift */ = {isa = PBXFileReference; lastKnownFileType = sourcecode.swift; path = Git.swift; sourceTree = "<group>"; };
		OBJ_76 /* IndexStore.swift */ = {isa = PBXFileReference; lastKnownFileType = sourcecode.swift; path = IndexStore.swift; sourceTree = "<group>"; };
		OBJ_77 /* InterruptHandler.swift */ = {isa = PBXFileReference; lastKnownFileType = sourcecode.swift; path = InterruptHandler.swift; sourceTree = "<group>"; };
		OBJ_78 /* PkgConfig.swift */ = {isa = PBXFileReference; lastKnownFileType = sourcecode.swift; path = PkgConfig.swift; sourceTree = "<group>"; };
		OBJ_79 /* Platform.swift */ = {isa = PBXFileReference; lastKnownFileType = sourcecode.swift; path = Platform.swift; sourceTree = "<group>"; };
		OBJ_80 /* Process.swift */ = {isa = PBXFileReference; lastKnownFileType = sourcecode.swift; path = Process.swift; sourceTree = "<group>"; };
		OBJ_81 /* ProgressAnimation.swift */ = {isa = PBXFileReference; lastKnownFileType = sourcecode.swift; path = ProgressAnimation.swift; sourceTree = "<group>"; };
		OBJ_82 /* SimplePersistence.swift */ = {isa = PBXFileReference; lastKnownFileType = sourcecode.swift; path = SimplePersistence.swift; sourceTree = "<group>"; };
		OBJ_83 /* StringExtensions.swift */ = {isa = PBXFileReference; lastKnownFileType = sourcecode.swift; path = StringExtensions.swift; sourceTree = "<group>"; };
		OBJ_84 /* StringMangling.swift */ = {isa = PBXFileReference; lastKnownFileType = sourcecode.swift; path = StringMangling.swift; sourceTree = "<group>"; };
		OBJ_85 /* URL.swift */ = {isa = PBXFileReference; lastKnownFileType = sourcecode.swift; path = URL.swift; sourceTree = "<group>"; };
		OBJ_86 /* Verbosity.swift */ = {isa = PBXFileReference; lastKnownFileType = sourcecode.swift; path = Verbosity.swift; sourceTree = "<group>"; };
		OBJ_87 /* Version.swift */ = {isa = PBXFileReference; lastKnownFileType = sourcecode.swift; path = Version.swift; sourceTree = "<group>"; };
		OBJ_88 /* Versioning.swift */ = {isa = PBXFileReference; lastKnownFileType = sourcecode.swift; path = Versioning.swift; sourceTree = "<group>"; };
		OBJ_89 /* dlopen.swift */ = {isa = PBXFileReference; lastKnownFileType = sourcecode.swift; path = dlopen.swift; sourceTree = "<group>"; };
		OBJ_9 /* main.swift */ = {isa = PBXFileReference; lastKnownFileType = sourcecode.swift; path = main.swift; sourceTree = "<group>"; };
		OBJ_90 /* misc.swift */ = {isa = PBXFileReference; lastKnownFileType = sourcecode.swift; path = misc.swift; sourceTree = "<group>"; };
		OBJ_97 /* libc.c */ = {isa = PBXFileReference; lastKnownFileType = sourcecode.c.c; path = libc.c; sourceTree = "<group>"; };
		OBJ_99 /* clibc.h */ = {isa = PBXFileReference; lastKnownFileType = sourcecode.c.h; path = clibc.h; sourceTree = "<group>"; };
		"Push::Push::Product" /* Push */ = {isa = PBXFileReference; lastKnownFileType = text; path = Push; sourceTree = BUILT_PRODUCTS_DIR; };
		"Push::PushCore::Product" /* PushCore.framework */ = {isa = PBXFileReference; lastKnownFileType = wrapper.framework; path = PushCore.framework; sourceTree = BUILT_PRODUCTS_DIR; };
		"Push::PushTests::Product" /* PushTests.xctest */ = {isa = PBXFileReference; lastKnownFileType = file; path = PushTests.xctest; sourceTree = BUILT_PRODUCTS_DIR; };
		"SwiftPM::Basic::Product" /* Basic.framework */ = {isa = PBXFileReference; lastKnownFileType = wrapper.framework; path = Basic.framework; sourceTree = BUILT_PRODUCTS_DIR; };
		"SwiftPM::SPMLibc::Product" /* SPMLibc.framework */ = {isa = PBXFileReference; lastKnownFileType = wrapper.framework; path = SPMLibc.framework; sourceTree = BUILT_PRODUCTS_DIR; };
		"SwiftPM::SPMUtility::Product" /* SPMUtility.framework */ = {isa = PBXFileReference; lastKnownFileType = wrapper.framework; path = SPMUtility.framework; sourceTree = BUILT_PRODUCTS_DIR; };
		"SwiftPM::clibc::Product" /* clibc.framework */ = {isa = PBXFileReference; lastKnownFileType = wrapper.framework; path = clibc.framework; sourceTree = BUILT_PRODUCTS_DIR; };
/* End PBXFileReference section */

/* Begin PBXFrameworksBuildPhase section */
		OBJ_163 /* Frameworks */ = {
			isa = PBXFrameworksBuildPhase;
			buildActionMask = 0;
			files = (
				OBJ_164 /* SPMLibc.framework in Frameworks */,
				OBJ_165 /* clibc.framework in Frameworks */,
			);
			runOnlyForDeploymentPostprocessing = 0;
		};
		OBJ_176 /* Frameworks */ = {
			isa = PBXFrameworksBuildPhase;
			buildActionMask = 0;
			files = (
				OBJ_177 /* PushCore.framework in Frameworks */,
				OBJ_178 /* SPMUtility.framework in Frameworks */,
				OBJ_179 /* Basic.framework in Frameworks */,
				OBJ_180 /* SPMLibc.framework in Frameworks */,
				OBJ_181 /* clibc.framework in Frameworks */,
			);
			runOnlyForDeploymentPostprocessing = 0;
		};
		OBJ_194 /* Frameworks */ = {
			isa = PBXFrameworksBuildPhase;
			buildActionMask = 0;
			files = (
				OBJ_195 /* SPMUtility.framework in Frameworks */,
				OBJ_196 /* Basic.framework in Frameworks */,
				OBJ_197 /* SPMLibc.framework in Frameworks */,
				OBJ_198 /* clibc.framework in Frameworks */,
			);
			runOnlyForDeploymentPostprocessing = 0;
		};
		OBJ_221 /* Frameworks */ = {
			isa = PBXFrameworksBuildPhase;
			buildActionMask = 0;
			files = (
				OBJ_222 /* PushCore.framework in Frameworks */,
				OBJ_223 /* SPMUtility.framework in Frameworks */,
				OBJ_224 /* Basic.framework in Frameworks */,
				OBJ_225 /* SPMLibc.framework in Frameworks */,
				OBJ_226 /* clibc.framework in Frameworks */,
			);
			runOnlyForDeploymentPostprocessing = 0;
		};
		OBJ_237 /* Frameworks */ = {
			isa = PBXFrameworksBuildPhase;
			buildActionMask = 0;
			files = (
				OBJ_238 /* clibc.framework in Frameworks */,
			);
			runOnlyForDeploymentPostprocessing = 0;
		};
		OBJ_266 /* Frameworks */ = {
			isa = PBXFrameworksBuildPhase;
			buildActionMask = 0;
			files = (
				OBJ_267 /* Basic.framework in Frameworks */,
				OBJ_268 /* SPMLibc.framework in Frameworks */,
				OBJ_269 /* clibc.framework in Frameworks */,
			);
			runOnlyForDeploymentPostprocessing = 0;
		};
		OBJ_284 /* Frameworks */ = {
			isa = PBXFrameworksBuildPhase;
			buildActionMask = 0;
			files = (
			);
			runOnlyForDeploymentPostprocessing = 0;
		};
/* End PBXFrameworksBuildPhase section */

/* Begin PBXGroup section */
		50A7F5E323EDC4AD001A1FC8 /* Helpers */ = {
			isa = PBXGroup;
			children = (
				50A7F5E423EDC4C7001A1FC8 /* Log.swift */,
				50A7F5E523EDC4C7001A1FC8 /* Shell.swift */,
			);
			path = Helpers;
			sourceTree = "<group>";
		};
		OBJ_10 /* PushCore */ = {
			isa = PBXGroup;
			children = (
				50A7F5E323EDC4AD001A1FC8 /* Helpers */,
				OBJ_11 /* Push.swift */,
				50A7F5E823EDC814001A1FC8 /* Payload.swift */,
			);
			name = PushCore;
			path = Sources/PushCore;
			sourceTree = SOURCE_ROOT;
		};
		OBJ_102 /* swift-build */ = {
			isa = PBXGroup;
			children = (
			);
			name = "swift-build";
			path = ".build/checkouts/swift-package-manager/Sources/swift-build";
			sourceTree = SOURCE_ROOT;
		};
		OBJ_103 /* swift-package */ = {
			isa = PBXGroup;
			children = (
			);
			name = "swift-package";
			path = ".build/checkouts/swift-package-manager/Sources/swift-package";
			sourceTree = SOURCE_ROOT;
		};
		OBJ_104 /* swift-run */ = {
			isa = PBXGroup;
			children = (
			);
			name = "swift-run";
			path = ".build/checkouts/swift-package-manager/Sources/swift-run";
			sourceTree = SOURCE_ROOT;
		};
		OBJ_105 /* swift-test */ = {
			isa = PBXGroup;
			children = (
			);
			name = "swift-test";
			path = ".build/checkouts/swift-package-manager/Sources/swift-test";
			sourceTree = SOURCE_ROOT;
		};
		OBJ_106 /* swiftpm-xctest-helper */ = {
			isa = PBXGroup;
			children = (
			);
			name = "swiftpm-xctest-helper";
			path = ".build/checkouts/swift-package-manager/Sources/swiftpm-xctest-helper";
			sourceTree = SOURCE_ROOT;
		};
		OBJ_108 /* Products */ = {
			isa = PBXGroup;
			children = (
				"SwiftPM::SPMUtility::Product" /* SPMUtility.framework */,
				"SwiftPM::clibc::Product" /* clibc.framework */,
				"Push::PushCore::Product" /* PushCore.framework */,
				"SwiftPM::Basic::Product" /* Basic.framework */,
				"Push::Push::Product" /* Push */,
				"SwiftPM::SPMLibc::Product" /* SPMLibc.framework */,
				"Push::PushTests::Product" /* PushTests.xctest */,
			);
			name = Products;
			sourceTree = BUILT_PRODUCTS_DIR;
		};
		OBJ_12 /* Tests */ = {
			isa = PBXGroup;
			children = (
				OBJ_13 /* PushTests */,
			);
			name = Tests;
			sourceTree = SOURCE_ROOT;
		};
		OBJ_13 /* PushTests */ = {
			isa = PBXGroup;
			children = (
				OBJ_14 /* PushTests.swift */,
				OBJ_15 /* XCTestManifests.swift */,
			);
			name = PushTests;
			path = Tests/PushTests;
			sourceTree = SOURCE_ROOT;
		};
		OBJ_16 /* Dependencies */ = {
			isa = PBXGroup;
			children = (
				OBJ_17 /* SwiftPM 0.5.0 */,
			);
			name = Dependencies;
			sourceTree = "<group>";
		};
		OBJ_17 /* SwiftPM 0.5.0 */ = {
			isa = PBXGroup;
			children = (
				OBJ_18 /* Basic */,
				OBJ_59 /* Build */,
				OBJ_60 /* Commands */,
				OBJ_61 /* PackageDescription4 */,
				OBJ_62 /* PackageGraph */,
				OBJ_63 /* PackageLoading */,
				OBJ_64 /* PackageModel */,
				OBJ_65 /* SPMLLBuild */,
				OBJ_66 /* SPMLibc */,
				OBJ_68 /* SPMUtility */,
				OBJ_91 /* SourceControl */,
				OBJ_92 /* TestSupport */,
				OBJ_93 /* TestSupportExecutable */,
				OBJ_94 /* Workspace */,
				OBJ_95 /* Xcodeproj */,
				OBJ_96 /* clibc */,
				OBJ_102 /* swift-build */,
				OBJ_103 /* swift-package */,
				OBJ_104 /* swift-run */,
				OBJ_105 /* swift-test */,
				OBJ_106 /* swiftpm-xctest-helper */,
				OBJ_107 /* Package.swift */,
			);
			name = "SwiftPM 0.5.0";
			sourceTree = SOURCE_ROOT;
		};
		OBJ_18 /* Basic */ = {
			isa = PBXGroup;
			children = (
				OBJ_19 /* Await.swift */,
				OBJ_20 /* ByteString.swift */,
				OBJ_21 /* CStringArray.swift */,
				OBJ_22 /* CacheableSequence.swift */,
				OBJ_23 /* CollectionAlgorithms.swift */,
				OBJ_24 /* CollectionExtensions.swift */,
				OBJ_25 /* Condition.swift */,
				OBJ_26 /* DeltaAlgorithm.swift */,
				OBJ_27 /* DiagnosticsEngine.swift */,
				OBJ_28 /* DictionaryExtensions.swift */,
				OBJ_29 /* DictionaryLiteralExtensions.swift */,
				OBJ_30 /* EditDistance.swift */,
				OBJ_31 /* FileInfo.swift */,
				OBJ_32 /* FileSystem.swift */,
				OBJ_33 /* GraphAlgorithms.swift */,
				OBJ_34 /* JSON.swift */,
				OBJ_35 /* JSONMapper.swift */,
				OBJ_36 /* KeyedPair.swift */,
				OBJ_37 /* LazyCache.swift */,
				OBJ_38 /* Lock.swift */,
				OBJ_39 /* ObjectIdentifierProtocol.swift */,
				OBJ_40 /* OrderedDictionary.swift */,
				OBJ_41 /* OrderedSet.swift */,
				OBJ_42 /* OutputByteStream.swift */,
				OBJ_43 /* Path.swift */,
				OBJ_44 /* PathShims.swift */,
				OBJ_45 /* Process.swift */,
				OBJ_46 /* ProcessEnv.swift */,
				OBJ_47 /* ProcessSet.swift */,
				OBJ_48 /* RegEx.swift */,
				OBJ_49 /* Result.swift */,
				OBJ_50 /* SHA256.swift */,
				OBJ_51 /* SortedArray.swift */,
				OBJ_52 /* StringConversions.swift */,
				OBJ_53 /* SynchronizedQueue.swift */,
				OBJ_54 /* TemporaryFile.swift */,
				OBJ_55 /* TerminalController.swift */,
				OBJ_56 /* Thread.swift */,
				OBJ_57 /* Tuple.swift */,
				OBJ_58 /* misc.swift */,
			);
			name = Basic;
			path = ".build/checkouts/swift-package-manager/Sources/Basic";
			sourceTree = SOURCE_ROOT;
		};
		OBJ_5 /*  */ = {
			isa = PBXGroup;
			children = (
				OBJ_6 /* Package.swift */,
				OBJ_7 /* Sources */,
				OBJ_12 /* Tests */,
				OBJ_16 /* Dependencies */,
				OBJ_108 /* Products */,
				OBJ_116 /* LICENSE */,
				OBJ_117 /* README.md */,
			);
			name = "";
			sourceTree = "<group>";
		};
		OBJ_59 /* Build */ = {
			isa = PBXGroup;
			children = (
			);
			name = Build;
			path = ".build/checkouts/swift-package-manager/Sources/Build";
			sourceTree = SOURCE_ROOT;
		};
		OBJ_60 /* Commands */ = {
			isa = PBXGroup;
			children = (
			);
			name = Commands;
			path = ".build/checkouts/swift-package-manager/Sources/Commands";
			sourceTree = SOURCE_ROOT;
		};
		OBJ_61 /* PackageDescription4 */ = {
			isa = PBXGroup;
			children = (
			);
			name = PackageDescription4;
			path = ".build/checkouts/swift-package-manager/Sources/PackageDescription4";
			sourceTree = SOURCE_ROOT;
		};
		OBJ_62 /* PackageGraph */ = {
			isa = PBXGroup;
			children = (
			);
			name = PackageGraph;
			path = ".build/checkouts/swift-package-manager/Sources/PackageGraph";
			sourceTree = SOURCE_ROOT;
		};
		OBJ_63 /* PackageLoading */ = {
			isa = PBXGroup;
			children = (
			);
			name = PackageLoading;
			path = ".build/checkouts/swift-package-manager/Sources/PackageLoading";
			sourceTree = SOURCE_ROOT;
		};
		OBJ_64 /* PackageModel */ = {
			isa = PBXGroup;
			children = (
			);
			name = PackageModel;
			path = ".build/checkouts/swift-package-manager/Sources/PackageModel";
			sourceTree = SOURCE_ROOT;
		};
		OBJ_65 /* SPMLLBuild */ = {
			isa = PBXGroup;
			children = (
			);
			name = SPMLLBuild;
			path = ".build/checkouts/swift-package-manager/Sources/SPMLLBuild";
			sourceTree = SOURCE_ROOT;
		};
		OBJ_66 /* SPMLibc */ = {
			isa = PBXGroup;
			children = (
				OBJ_67 /* libc.swift */,
			);
			name = SPMLibc;
			path = ".build/checkouts/swift-package-manager/Sources/SPMLibc";
			sourceTree = SOURCE_ROOT;
		};
		OBJ_68 /* SPMUtility */ = {
			isa = PBXGroup;
			children = (
				OBJ_69 /* ArgumentParser.swift */,
				OBJ_70 /* ArgumentParserShellCompletion.swift */,
				OBJ_71 /* BuildFlags.swift */,
				OBJ_72 /* CollectionExtensions.swift */,
				OBJ_73 /* Diagnostics.swift */,
				OBJ_74 /* FSWatch.swift */,
				OBJ_75 /* Git.swift */,
				OBJ_76 /* IndexStore.swift */,
				OBJ_77 /* InterruptHandler.swift */,
				OBJ_78 /* PkgConfig.swift */,
				OBJ_79 /* Platform.swift */,
				OBJ_80 /* Process.swift */,
				OBJ_81 /* ProgressAnimation.swift */,
				OBJ_82 /* SimplePersistence.swift */,
				OBJ_83 /* StringExtensions.swift */,
				OBJ_84 /* StringMangling.swift */,
				OBJ_85 /* URL.swift */,
				OBJ_86 /* Verbosity.swift */,
				OBJ_87 /* Version.swift */,
				OBJ_88 /* Versioning.swift */,
				OBJ_89 /* dlopen.swift */,
				OBJ_90 /* misc.swift */,
			);
			name = SPMUtility;
			path = ".build/checkouts/swift-package-manager/Sources/SPMUtility";
			sourceTree = SOURCE_ROOT;
		};
		OBJ_7 /* Sources */ = {
			isa = PBXGroup;
			children = (
				OBJ_8 /* Push */,
				OBJ_10 /* PushCore */,
			);
			name = Sources;
			sourceTree = SOURCE_ROOT;
		};
		OBJ_8 /* Push */ = {
			isa = PBXGroup;
			children = (
				OBJ_9 /* main.swift */,
			);
			name = Push;
			path = Sources/Push;
			sourceTree = SOURCE_ROOT;
		};
		OBJ_91 /* SourceControl */ = {
			isa = PBXGroup;
			children = (
			);
			name = SourceControl;
			path = ".build/checkouts/swift-package-manager/Sources/SourceControl";
			sourceTree = SOURCE_ROOT;
		};
		OBJ_92 /* TestSupport */ = {
			isa = PBXGroup;
			children = (
			);
			name = TestSupport;
			path = ".build/checkouts/swift-package-manager/Sources/TestSupport";
			sourceTree = SOURCE_ROOT;
		};
		OBJ_93 /* TestSupportExecutable */ = {
			isa = PBXGroup;
			children = (
			);
			name = TestSupportExecutable;
			path = ".build/checkouts/swift-package-manager/Sources/TestSupportExecutable";
			sourceTree = SOURCE_ROOT;
		};
		OBJ_94 /* Workspace */ = {
			isa = PBXGroup;
			children = (
			);
			name = Workspace;
			path = ".build/checkouts/swift-package-manager/Sources/Workspace";
			sourceTree = SOURCE_ROOT;
		};
		OBJ_95 /* Xcodeproj */ = {
			isa = PBXGroup;
			children = (
			);
			name = Xcodeproj;
			path = ".build/checkouts/swift-package-manager/Sources/Xcodeproj";
			sourceTree = SOURCE_ROOT;
		};
		OBJ_96 /* clibc */ = {
			isa = PBXGroup;
			children = (
				OBJ_97 /* libc.c */,
				OBJ_98 /* include */,
			);
			name = clibc;
			path = ".build/checkouts/swift-package-manager/Sources/clibc";
			sourceTree = SOURCE_ROOT;
		};
		OBJ_98 /* include */ = {
			isa = PBXGroup;
			children = (
				OBJ_99 /* clibc.h */,
				OBJ_100 /* indexstore_functions.h */,
				OBJ_101 /* module.modulemap */,
			);
			path = include;
			sourceTree = "<group>";
		};
/* End PBXGroup section */

/* Begin PBXNativeTarget section */
		"Push::Push" /* Push */ = {
			isa = PBXNativeTarget;
			buildConfigurationList = OBJ_171 /* Build configuration list for PBXNativeTarget "Push" */;
			buildPhases = (
				OBJ_174 /* Sources */,
				OBJ_176 /* Frameworks */,
			);
			buildRules = (
			);
			dependencies = (
				OBJ_182 /* PBXTargetDependency */,
				OBJ_184 /* PBXTargetDependency */,
				OBJ_186 /* PBXTargetDependency */,
				OBJ_187 /* PBXTargetDependency */,
				OBJ_188 /* PBXTargetDependency */,
			);
			name = Push;
			productName = Push;
			productReference = "Push::Push::Product" /* Push */;
			productType = "com.apple.product-type.tool";
		};
		"Push::PushCore" /* PushCore */ = {
			isa = PBXNativeTarget;
			buildConfigurationList = OBJ_189 /* Build configuration list for PBXNativeTarget "PushCore" */;
			buildPhases = (
				OBJ_192 /* Sources */,
				OBJ_194 /* Frameworks */,
			);
			buildRules = (
			);
			dependencies = (
				OBJ_199 /* PBXTargetDependency */,
				OBJ_200 /* PBXTargetDependency */,
				OBJ_201 /* PBXTargetDependency */,
				OBJ_202 /* PBXTargetDependency */,
			);
			name = PushCore;
			productName = PushCore;
			productReference = "Push::PushCore::Product" /* PushCore.framework */;
			productType = "com.apple.product-type.framework";
		};
		"Push::PushTests" /* PushTests */ = {
			isa = PBXNativeTarget;
			buildConfigurationList = OBJ_215 /* Build configuration list for PBXNativeTarget "PushTests" */;
			buildPhases = (
				OBJ_218 /* Sources */,
				OBJ_221 /* Frameworks */,
			);
			buildRules = (
			);
			dependencies = (
				OBJ_227 /* PBXTargetDependency */,
				OBJ_228 /* PBXTargetDependency */,
				OBJ_229 /* PBXTargetDependency */,
				OBJ_230 /* PBXTargetDependency */,
				OBJ_231 /* PBXTargetDependency */,
			);
			name = PushTests;
			productName = PushTests;
			productReference = "Push::PushTests::Product" /* PushTests.xctest */;
			productType = "com.apple.product-type.bundle.unit-test";
		};
		"Push::SwiftPMPackageDescription" /* PushPackageDescription */ = {
			isa = PBXNativeTarget;
			buildConfigurationList = OBJ_204 /* Build configuration list for PBXNativeTarget "PushPackageDescription" */;
			buildPhases = (
				OBJ_207 /* Sources */,
			);
			buildRules = (
			);
			dependencies = (
			);
			name = PushPackageDescription;
			productName = PushPackageDescription;
			productType = "com.apple.product-type.framework";
		};
		"SwiftPM::Basic" /* Basic */ = {
			isa = PBXNativeTarget;
			buildConfigurationList = OBJ_119 /* Build configuration list for PBXNativeTarget "Basic" */;
			buildPhases = (
				OBJ_122 /* Sources */,
				OBJ_163 /* Frameworks */,
			);
			buildRules = (
			);
			dependencies = (
				OBJ_166 /* PBXTargetDependency */,
				OBJ_168 /* PBXTargetDependency */,
			);
			name = Basic;
			productName = Basic;
			productReference = "SwiftPM::Basic::Product" /* Basic.framework */;
			productType = "com.apple.product-type.framework";
		};
		"SwiftPM::SPMLibc" /* SPMLibc */ = {
			isa = PBXNativeTarget;
			buildConfigurationList = OBJ_232 /* Build configuration list for PBXNativeTarget "SPMLibc" */;
			buildPhases = (
				OBJ_235 /* Sources */,
				OBJ_237 /* Frameworks */,
			);
			buildRules = (
			);
			dependencies = (
				OBJ_239 /* PBXTargetDependency */,
			);
			name = SPMLibc;
			productName = SPMLibc;
			productReference = "SwiftPM::SPMLibc::Product" /* SPMLibc.framework */;
			productType = "com.apple.product-type.framework";
		};
		"SwiftPM::SPMUtility" /* SPMUtility */ = {
			isa = PBXNativeTarget;
			buildConfigurationList = OBJ_240 /* Build configuration list for PBXNativeTarget "SPMUtility" */;
			buildPhases = (
				OBJ_243 /* Sources */,
				OBJ_266 /* Frameworks */,
			);
			buildRules = (
			);
			dependencies = (
				OBJ_270 /* PBXTargetDependency */,
				OBJ_271 /* PBXTargetDependency */,
				OBJ_272 /* PBXTargetDependency */,
			);
			name = SPMUtility;
			productName = SPMUtility;
			productReference = "SwiftPM::SPMUtility::Product" /* SPMUtility.framework */;
			productType = "com.apple.product-type.framework";
		};
		"SwiftPM::SwiftPMPackageDescription" /* SwiftPMPackageDescription */ = {
			isa = PBXNativeTarget;
			buildConfigurationList = OBJ_274 /* Build configuration list for PBXNativeTarget "SwiftPMPackageDescription" */;
			buildPhases = (
				OBJ_277 /* Sources */,
			);
			buildRules = (
			);
			dependencies = (
			);
			name = SwiftPMPackageDescription;
			productName = SwiftPMPackageDescription;
			productType = "com.apple.product-type.framework";
		};
		"SwiftPM::clibc" /* clibc */ = {
			isa = PBXNativeTarget;
			buildConfigurationList = OBJ_279 /* Build configuration list for PBXNativeTarget "clibc" */;
			buildPhases = (
				OBJ_282 /* Sources */,
				OBJ_284 /* Frameworks */,
			);
			buildRules = (
			);
			dependencies = (
			);
			name = clibc;
			productName = clibc;
			productReference = "SwiftPM::clibc::Product" /* clibc.framework */;
			productType = "com.apple.product-type.framework";
		};
/* End PBXNativeTarget section */

/* Begin PBXProject section */
		OBJ_1 /* Project object */ = {
			isa = PBXProject;
			attributes = {
				LastSwiftMigration = 9999;
				LastUpgradeCheck = 9999;
			};
			buildConfigurationList = OBJ_2 /* Build configuration list for PBXProject "Push" */;
			compatibilityVersion = "Xcode 3.2";
			developmentRegion = en;
			hasScannedForEncodings = 0;
			knownRegions = (
				en,
			);
			mainGroup = OBJ_5 /*  */;
			productRefGroup = OBJ_108 /* Products */;
			projectDirPath = "";
			projectRoot = "";
			targets = (
				"SwiftPM::Basic" /* Basic */,
				"Push::Push" /* Push */,
				"Push::PushCore" /* PushCore */,
				"Push::SwiftPMPackageDescription" /* PushPackageDescription */,
				"Push::PushPackageTests::ProductTarget" /* PushPackageTests */,
				"Push::PushTests" /* PushTests */,
				"SwiftPM::SPMLibc" /* SPMLibc */,
				"SwiftPM::SPMUtility" /* SPMUtility */,
				"SwiftPM::SwiftPMPackageDescription" /* SwiftPMPackageDescription */,
				"SwiftPM::clibc" /* clibc */,
			);
		};
/* End PBXProject section */

/* Begin PBXSourcesBuildPhase section */
		OBJ_122 /* Sources */ = {
			isa = PBXSourcesBuildPhase;
			buildActionMask = 0;
			files = (
				OBJ_123 /* Await.swift in Sources */,
				OBJ_124 /* ByteString.swift in Sources */,
				OBJ_125 /* CStringArray.swift in Sources */,
				OBJ_126 /* CacheableSequence.swift in Sources */,
				OBJ_127 /* CollectionAlgorithms.swift in Sources */,
				OBJ_128 /* CollectionExtensions.swift in Sources */,
				OBJ_129 /* Condition.swift in Sources */,
				OBJ_130 /* DeltaAlgorithm.swift in Sources */,
				OBJ_131 /* DiagnosticsEngine.swift in Sources */,
				OBJ_132 /* DictionaryExtensions.swift in Sources */,
				OBJ_133 /* DictionaryLiteralExtensions.swift in Sources */,
				OBJ_134 /* EditDistance.swift in Sources */,
				OBJ_135 /* FileInfo.swift in Sources */,
				OBJ_136 /* FileSystem.swift in Sources */,
				OBJ_137 /* GraphAlgorithms.swift in Sources */,
				OBJ_138 /* JSON.swift in Sources */,
				OBJ_139 /* JSONMapper.swift in Sources */,
				OBJ_140 /* KeyedPair.swift in Sources */,
				OBJ_141 /* LazyCache.swift in Sources */,
				OBJ_142 /* Lock.swift in Sources */,
				OBJ_143 /* ObjectIdentifierProtocol.swift in Sources */,
				OBJ_144 /* OrderedDictionary.swift in Sources */,
				OBJ_145 /* OrderedSet.swift in Sources */,
				OBJ_146 /* OutputByteStream.swift in Sources */,
				OBJ_147 /* Path.swift in Sources */,
				OBJ_148 /* PathShims.swift in Sources */,
				OBJ_149 /* Process.swift in Sources */,
				OBJ_150 /* ProcessEnv.swift in Sources */,
				OBJ_151 /* ProcessSet.swift in Sources */,
				OBJ_152 /* RegEx.swift in Sources */,
				OBJ_153 /* Result.swift in Sources */,
				OBJ_154 /* SHA256.swift in Sources */,
				OBJ_155 /* SortedArray.swift in Sources */,
				OBJ_156 /* StringConversions.swift in Sources */,
				OBJ_157 /* SynchronizedQueue.swift in Sources */,
				OBJ_158 /* TemporaryFile.swift in Sources */,
				OBJ_159 /* TerminalController.swift in Sources */,
				OBJ_160 /* Thread.swift in Sources */,
				OBJ_161 /* Tuple.swift in Sources */,
				OBJ_162 /* misc.swift in Sources */,
			);
			runOnlyForDeploymentPostprocessing = 0;
		};
		OBJ_174 /* Sources */ = {
			isa = PBXSourcesBuildPhase;
			buildActionMask = 0;
			files = (
				OBJ_175 /* main.swift in Sources */,
			);
			runOnlyForDeploymentPostprocessing = 0;
		};
		OBJ_192 /* Sources */ = {
			isa = PBXSourcesBuildPhase;
			buildActionMask = 0;
			files = (
				50A7F5E723EDC4C7001A1FC8 /* Shell.swift in Sources */,
				50A7F5E623EDC4C7001A1FC8 /* Log.swift in Sources */,
				50A7F5E923EDC814001A1FC8 /* Payload.swift in Sources */,
				OBJ_193 /* Push.swift in Sources */,
			);
			runOnlyForDeploymentPostprocessing = 0;
		};
		OBJ_207 /* Sources */ = {
			isa = PBXSourcesBuildPhase;
			buildActionMask = 0;
			files = (
				OBJ_208 /* Package.swift in Sources */,
			);
			runOnlyForDeploymentPostprocessing = 0;
		};
		OBJ_218 /* Sources */ = {
			isa = PBXSourcesBuildPhase;
			buildActionMask = 0;
			files = (
				OBJ_219 /* PushTests.swift in Sources */,
				OBJ_220 /* XCTestManifests.swift in Sources */,
			);
			runOnlyForDeploymentPostprocessing = 0;
		};
		OBJ_235 /* Sources */ = {
			isa = PBXSourcesBuildPhase;
			buildActionMask = 0;
			files = (
				OBJ_236 /* libc.swift in Sources */,
			);
			runOnlyForDeploymentPostprocessing = 0;
		};
		OBJ_243 /* Sources */ = {
			isa = PBXSourcesBuildPhase;
			buildActionMask = 0;
			files = (
				OBJ_244 /* ArgumentParser.swift in Sources */,
				OBJ_245 /* ArgumentParserShellCompletion.swift in Sources */,
				OBJ_246 /* BuildFlags.swift in Sources */,
				OBJ_247 /* CollectionExtensions.swift in Sources */,
				OBJ_248 /* Diagnostics.swift in Sources */,
				OBJ_249 /* FSWatch.swift in Sources */,
				OBJ_250 /* Git.swift in Sources */,
				OBJ_251 /* IndexStore.swift in Sources */,
				OBJ_252 /* InterruptHandler.swift in Sources */,
				OBJ_253 /* PkgConfig.swift in Sources */,
				OBJ_254 /* Platform.swift in Sources */,
				OBJ_255 /* Process.swift in Sources */,
				OBJ_256 /* ProgressAnimation.swift in Sources */,
				OBJ_257 /* SimplePersistence.swift in Sources */,
				OBJ_258 /* StringExtensions.swift in Sources */,
				OBJ_259 /* StringMangling.swift in Sources */,
				OBJ_260 /* URL.swift in Sources */,
				OBJ_261 /* Verbosity.swift in Sources */,
				OBJ_262 /* Version.swift in Sources */,
				OBJ_263 /* Versioning.swift in Sources */,
				OBJ_264 /* dlopen.swift in Sources */,
				OBJ_265 /* misc.swift in Sources */,
			);
			runOnlyForDeploymentPostprocessing = 0;
		};
		OBJ_277 /* Sources */ = {
			isa = PBXSourcesBuildPhase;
			buildActionMask = 0;
			files = (
				OBJ_278 /* Package.swift in Sources */,
			);
			runOnlyForDeploymentPostprocessing = 0;
		};
		OBJ_282 /* Sources */ = {
			isa = PBXSourcesBuildPhase;
			buildActionMask = 0;
			files = (
				OBJ_283 /* libc.c in Sources */,
			);
			runOnlyForDeploymentPostprocessing = 0;
		};
/* End PBXSourcesBuildPhase section */

/* Begin PBXTargetDependency section */
		OBJ_166 /* PBXTargetDependency */ = {
			isa = PBXTargetDependency;
			target = "SwiftPM::SPMLibc" /* SPMLibc */;
			targetProxy = 50A7F5D023EDC4A8001A1FC8 /* PBXContainerItemProxy */;
		};
		OBJ_168 /* PBXTargetDependency */ = {
			isa = PBXTargetDependency;
			target = "SwiftPM::clibc" /* clibc */;
			targetProxy = 50A7F5D223EDC4A8001A1FC8 /* PBXContainerItemProxy */;
		};
		OBJ_182 /* PBXTargetDependency */ = {
			isa = PBXTargetDependency;
			target = "Push::PushCore" /* PushCore */;
			targetProxy = 50A7F5D823EDC4A8001A1FC8 /* PBXContainerItemProxy */;
		};
		OBJ_184 /* PBXTargetDependency */ = {
			isa = PBXTargetDependency;
			target = "SwiftPM::SPMUtility" /* SPMUtility */;
			targetProxy = 50A7F5D923EDC4A8001A1FC8 /* PBXContainerItemProxy */;
		};
		OBJ_186 /* PBXTargetDependency */ = {
			isa = PBXTargetDependency;
			target = "SwiftPM::Basic" /* Basic */;
			targetProxy = 50A7F5DA23EDC4A8001A1FC8 /* PBXContainerItemProxy */;
		};
		OBJ_187 /* PBXTargetDependency */ = {
			isa = PBXTargetDependency;
			target = "SwiftPM::SPMLibc" /* SPMLibc */;
			targetProxy = 50A7F5DB23EDC4A8001A1FC8 /* PBXContainerItemProxy */;
		};
		OBJ_188 /* PBXTargetDependency */ = {
			isa = PBXTargetDependency;
			target = "SwiftPM::clibc" /* clibc */;
			targetProxy = 50A7F5DC23EDC4A8001A1FC8 /* PBXContainerItemProxy */;
		};
		OBJ_199 /* PBXTargetDependency */ = {
			isa = PBXTargetDependency;
			target = "SwiftPM::SPMUtility" /* SPMUtility */;
			targetProxy = 50A7F5CE23EDC4A8001A1FC8 /* PBXContainerItemProxy */;
		};
		OBJ_200 /* PBXTargetDependency */ = {
			isa = PBXTargetDependency;
			target = "SwiftPM::Basic" /* Basic */;
			targetProxy = 50A7F5D523EDC4A8001A1FC8 /* PBXContainerItemProxy */;
		};
		OBJ_201 /* PBXTargetDependency */ = {
			isa = PBXTargetDependency;
			target = "SwiftPM::SPMLibc" /* SPMLibc */;
			targetProxy = 50A7F5D623EDC4A8001A1FC8 /* PBXContainerItemProxy */;
		};
		OBJ_202 /* PBXTargetDependency */ = {
			isa = PBXTargetDependency;
			target = "SwiftPM::clibc" /* clibc */;
			targetProxy = 50A7F5D723EDC4A8001A1FC8 /* PBXContainerItemProxy */;
		};
		OBJ_213 /* PBXTargetDependency */ = {
			isa = PBXTargetDependency;
			target = "Push::PushTests" /* PushTests */;
			targetProxy = 50A7F5E223EDC4A8001A1FC8 /* PBXContainerItemProxy */;
		};
		OBJ_227 /* PBXTargetDependency */ = {
			isa = PBXTargetDependency;
			target = "Push::PushCore" /* PushCore */;
			targetProxy = 50A7F5DD23EDC4A8001A1FC8 /* PBXContainerItemProxy */;
		};
		OBJ_228 /* PBXTargetDependency */ = {
			isa = PBXTargetDependency;
			target = "SwiftPM::SPMUtility" /* SPMUtility */;
			targetProxy = 50A7F5DE23EDC4A8001A1FC8 /* PBXContainerItemProxy */;
		};
		OBJ_229 /* PBXTargetDependency */ = {
			isa = PBXTargetDependency;
			target = "SwiftPM::Basic" /* Basic */;
			targetProxy = 50A7F5DF23EDC4A8001A1FC8 /* PBXContainerItemProxy */;
		};
		OBJ_230 /* PBXTargetDependency */ = {
			isa = PBXTargetDependency;
			target = "SwiftPM::SPMLibc" /* SPMLibc */;
			targetProxy = 50A7F5E023EDC4A8001A1FC8 /* PBXContainerItemProxy */;
		};
		OBJ_231 /* PBXTargetDependency */ = {
			isa = PBXTargetDependency;
			target = "SwiftPM::clibc" /* clibc */;
			targetProxy = 50A7F5E123EDC4A8001A1FC8 /* PBXContainerItemProxy */;
		};
		OBJ_239 /* PBXTargetDependency */ = {
			isa = PBXTargetDependency;
			target = "SwiftPM::clibc" /* clibc */;
			targetProxy = 50A7F5D123EDC4A8001A1FC8 /* PBXContainerItemProxy */;
		};
		OBJ_270 /* PBXTargetDependency */ = {
			isa = PBXTargetDependency;
			target = "SwiftPM::Basic" /* Basic */;
			targetProxy = 50A7F5CF23EDC4A8001A1FC8 /* PBXContainerItemProxy */;
		};
		OBJ_271 /* PBXTargetDependency */ = {
			isa = PBXTargetDependency;
			target = "SwiftPM::SPMLibc" /* SPMLibc */;
			targetProxy = 50A7F5D323EDC4A8001A1FC8 /* PBXContainerItemProxy */;
		};
		OBJ_272 /* PBXTargetDependency */ = {
			isa = PBXTargetDependency;
			target = "SwiftPM::clibc" /* clibc */;
			targetProxy = 50A7F5D423EDC4A8001A1FC8 /* PBXContainerItemProxy */;
		};
/* End PBXTargetDependency section */

/* Begin XCBuildConfiguration section */
		OBJ_120 /* Debug */ = {
			isa = XCBuildConfiguration;
			buildSettings = {
				ENABLE_TESTABILITY = YES;
				FRAMEWORK_SEARCH_PATHS = (
					"$(inherited)",
					"$(PLATFORM_DIR)/Developer/Library/Frameworks",
				);
				HEADER_SEARCH_PATHS = (
					"$(inherited)",
					"$(SRCROOT)/.build/checkouts/swift-package-manager/Sources/clibc/include",
				);
				INFOPLIST_FILE = Push.xcodeproj/Basic_Info.plist;
				LD_RUNPATH_SEARCH_PATHS = "$(inherited) $(TOOLCHAIN_DIR)/usr/lib/swift/macosx";
				OTHER_CFLAGS = "$(inherited)";
				OTHER_LDFLAGS = "$(inherited)";
				OTHER_SWIFT_FLAGS = "$(inherited) -Xcc -fmodule-map-file=$(SRCROOT)/.build/checkouts/swift-package-manager/Sources/clibc/include/module.modulemap";
				PRODUCT_BUNDLE_IDENTIFIER = Basic;
				PRODUCT_MODULE_NAME = "$(TARGET_NAME:c99extidentifier)";
				PRODUCT_NAME = "$(TARGET_NAME:c99extidentifier)";
				SKIP_INSTALL = YES;
				SWIFT_ACTIVE_COMPILATION_CONDITIONS = "$(inherited)";
				SWIFT_VERSION = 4.2;
				TARGET_NAME = Basic;
			};
			name = Debug;
		};
		OBJ_121 /* Release */ = {
			isa = XCBuildConfiguration;
			buildSettings = {
				ENABLE_TESTABILITY = YES;
				FRAMEWORK_SEARCH_PATHS = (
					"$(inherited)",
					"$(PLATFORM_DIR)/Developer/Library/Frameworks",
				);
				HEADER_SEARCH_PATHS = (
					"$(inherited)",
					"$(SRCROOT)/.build/checkouts/swift-package-manager/Sources/clibc/include",
				);
				INFOPLIST_FILE = Push.xcodeproj/Basic_Info.plist;
				LD_RUNPATH_SEARCH_PATHS = "$(inherited) $(TOOLCHAIN_DIR)/usr/lib/swift/macosx";
				OTHER_CFLAGS = "$(inherited)";
				OTHER_LDFLAGS = "$(inherited)";
				OTHER_SWIFT_FLAGS = "$(inherited) -Xcc -fmodule-map-file=$(SRCROOT)/.build/checkouts/swift-package-manager/Sources/clibc/include/module.modulemap";
				PRODUCT_BUNDLE_IDENTIFIER = Basic;
				PRODUCT_MODULE_NAME = "$(TARGET_NAME:c99extidentifier)";
				PRODUCT_NAME = "$(TARGET_NAME:c99extidentifier)";
				SKIP_INSTALL = YES;
				SWIFT_ACTIVE_COMPILATION_CONDITIONS = "$(inherited)";
				SWIFT_VERSION = 4.2;
				TARGET_NAME = Basic;
			};
			name = Release;
		};
		OBJ_172 /* Debug */ = {
			isa = XCBuildConfiguration;
			buildSettings = {
				FRAMEWORK_SEARCH_PATHS = (
					"$(inherited)",
					"$(PLATFORM_DIR)/Developer/Library/Frameworks",
				);
				HEADER_SEARCH_PATHS = (
					"$(inherited)",
					"$(SRCROOT)/.build/checkouts/swift-package-manager/Sources/clibc/include",
				);
				INFOPLIST_FILE = Push.xcodeproj/Push_Info.plist;
				IPHONEOS_DEPLOYMENT_TARGET = 8.0;
				LD_RUNPATH_SEARCH_PATHS = "$(inherited) $(TOOLCHAIN_DIR)/usr/lib/swift/macosx @executable_path";
				MACOSX_DEPLOYMENT_TARGET = 10.10;
				OTHER_CFLAGS = "$(inherited)";
				OTHER_LDFLAGS = "$(inherited)";
				OTHER_SWIFT_FLAGS = "$(inherited) -Xcc -fmodule-map-file=$(SRCROOT)/.build/checkouts/swift-package-manager/Sources/clibc/include/module.modulemap";
				SWIFT_ACTIVE_COMPILATION_CONDITIONS = "$(inherited)";
				SWIFT_FORCE_DYNAMIC_LINK_STDLIB = YES;
				SWIFT_FORCE_STATIC_LINK_STDLIB = NO;
				SWIFT_VERSION = 5.0;
				TARGET_NAME = Push;
				TVOS_DEPLOYMENT_TARGET = 9.0;
				WATCHOS_DEPLOYMENT_TARGET = 2.0;
			};
			name = Debug;
		};
		OBJ_173 /* Release */ = {
			isa = XCBuildConfiguration;
			buildSettings = {
				FRAMEWORK_SEARCH_PATHS = (
					"$(inherited)",
					"$(PLATFORM_DIR)/Developer/Library/Frameworks",
				);
				HEADER_SEARCH_PATHS = (
					"$(inherited)",
					"$(SRCROOT)/.build/checkouts/swift-package-manager/Sources/clibc/include",
				);
				INFOPLIST_FILE = Push.xcodeproj/Push_Info.plist;
				IPHONEOS_DEPLOYMENT_TARGET = 8.0;
				LD_RUNPATH_SEARCH_PATHS = "$(inherited) $(TOOLCHAIN_DIR)/usr/lib/swift/macosx @executable_path";
				MACOSX_DEPLOYMENT_TARGET = 10.10;
				OTHER_CFLAGS = "$(inherited)";
				OTHER_LDFLAGS = "$(inherited)";
				OTHER_SWIFT_FLAGS = "$(inherited) -Xcc -fmodule-map-file=$(SRCROOT)/.build/checkouts/swift-package-manager/Sources/clibc/include/module.modulemap";
				SWIFT_ACTIVE_COMPILATION_CONDITIONS = "$(inherited)";
				SWIFT_FORCE_DYNAMIC_LINK_STDLIB = YES;
				SWIFT_FORCE_STATIC_LINK_STDLIB = NO;
				SWIFT_VERSION = 5.0;
				TARGET_NAME = Push;
				TVOS_DEPLOYMENT_TARGET = 9.0;
				WATCHOS_DEPLOYMENT_TARGET = 2.0;
			};
			name = Release;
		};
		OBJ_190 /* Debug */ = {
			isa = XCBuildConfiguration;
			buildSettings = {
				ENABLE_TESTABILITY = YES;
				FRAMEWORK_SEARCH_PATHS = (
					"$(inherited)",
					"$(PLATFORM_DIR)/Developer/Library/Frameworks",
				);
				HEADER_SEARCH_PATHS = (
					"$(inherited)",
					"$(SRCROOT)/.build/checkouts/swift-package-manager/Sources/clibc/include",
				);
				INFOPLIST_FILE = Push.xcodeproj/PushCore_Info.plist;
				IPHONEOS_DEPLOYMENT_TARGET = 8.0;
				LD_RUNPATH_SEARCH_PATHS = "$(inherited) $(TOOLCHAIN_DIR)/usr/lib/swift/macosx";
				MACOSX_DEPLOYMENT_TARGET = 10.10;
				OTHER_CFLAGS = "$(inherited)";
				OTHER_LDFLAGS = "$(inherited)";
				OTHER_SWIFT_FLAGS = "$(inherited) -Xcc -fmodule-map-file=$(SRCROOT)/.build/checkouts/swift-package-manager/Sources/clibc/include/module.modulemap";
				PRODUCT_BUNDLE_IDENTIFIER = PushCore;
				PRODUCT_MODULE_NAME = "$(TARGET_NAME:c99extidentifier)";
				PRODUCT_NAME = "$(TARGET_NAME:c99extidentifier)";
				SKIP_INSTALL = YES;
				SWIFT_ACTIVE_COMPILATION_CONDITIONS = "$(inherited)";
				SWIFT_VERSION = 5.0;
				TARGET_NAME = PushCore;
				TVOS_DEPLOYMENT_TARGET = 9.0;
				WATCHOS_DEPLOYMENT_TARGET = 2.0;
			};
			name = Debug;
		};
		OBJ_191 /* Release */ = {
			isa = XCBuildConfiguration;
			buildSettings = {
				ENABLE_TESTABILITY = YES;
				FRAMEWORK_SEARCH_PATHS = (
					"$(inherited)",
					"$(PLATFORM_DIR)/Developer/Library/Frameworks",
				);
				HEADER_SEARCH_PATHS = (
					"$(inherited)",
					"$(SRCROOT)/.build/checkouts/swift-package-manager/Sources/clibc/include",
				);
				INFOPLIST_FILE = Push.xcodeproj/PushCore_Info.plist;
				IPHONEOS_DEPLOYMENT_TARGET = 8.0;
				LD_RUNPATH_SEARCH_PATHS = "$(inherited) $(TOOLCHAIN_DIR)/usr/lib/swift/macosx";
				MACOSX_DEPLOYMENT_TARGET = 10.10;
				OTHER_CFLAGS = "$(inherited)";
				OTHER_LDFLAGS = "$(inherited)";
				OTHER_SWIFT_FLAGS = "$(inherited) -Xcc -fmodule-map-file=$(SRCROOT)/.build/checkouts/swift-package-manager/Sources/clibc/include/module.modulemap";
				PRODUCT_BUNDLE_IDENTIFIER = PushCore;
				PRODUCT_MODULE_NAME = "$(TARGET_NAME:c99extidentifier)";
				PRODUCT_NAME = "$(TARGET_NAME:c99extidentifier)";
				SKIP_INSTALL = YES;
				SWIFT_ACTIVE_COMPILATION_CONDITIONS = "$(inherited)";
				SWIFT_VERSION = 5.0;
				TARGET_NAME = PushCore;
				TVOS_DEPLOYMENT_TARGET = 9.0;
				WATCHOS_DEPLOYMENT_TARGET = 2.0;
			};
			name = Release;
		};
		OBJ_205 /* Debug */ = {
			isa = XCBuildConfiguration;
			buildSettings = {
				LD = /usr/bin/true;
				OTHER_SWIFT_FLAGS = "-swift-version 5 -I $(TOOLCHAIN_DIR)/usr/lib/swift/pm/4_2 -target x86_64-apple-macosx10.10 -sdk /Applications/Xcode.app/Contents/Developer/Platforms/MacOSX.platform/Developer/SDKs/MacOSX10.15.sdk -package-description-version 5.1";
				SWIFT_VERSION = 5.0;
			};
			name = Debug;
		};
		OBJ_206 /* Release */ = {
			isa = XCBuildConfiguration;
			buildSettings = {
				LD = /usr/bin/true;
				OTHER_SWIFT_FLAGS = "-swift-version 5 -I $(TOOLCHAIN_DIR)/usr/lib/swift/pm/4_2 -target x86_64-apple-macosx10.10 -sdk /Applications/Xcode.app/Contents/Developer/Platforms/MacOSX.platform/Developer/SDKs/MacOSX10.15.sdk -package-description-version 5.1";
				SWIFT_VERSION = 5.0;
			};
			name = Release;
		};
		OBJ_211 /* Debug */ = {
			isa = XCBuildConfiguration;
			buildSettings = {
			};
			name = Debug;
		};
		OBJ_212 /* Release */ = {
			isa = XCBuildConfiguration;
			buildSettings = {
			};
			name = Release;
		};
		OBJ_216 /* Debug */ = {
			isa = XCBuildConfiguration;
			buildSettings = {
				CLANG_ENABLE_MODULES = YES;
				EMBEDDED_CONTENT_CONTAINS_SWIFT = YES;
				FRAMEWORK_SEARCH_PATHS = (
					"$(inherited)",
					"$(PLATFORM_DIR)/Developer/Library/Frameworks",
				);
				HEADER_SEARCH_PATHS = (
					"$(inherited)",
					"$(SRCROOT)/.build/checkouts/swift-package-manager/Sources/clibc/include",
				);
				INFOPLIST_FILE = Push.xcodeproj/PushTests_Info.plist;
				IPHONEOS_DEPLOYMENT_TARGET = 8.0;
				LD_RUNPATH_SEARCH_PATHS = "$(inherited) @loader_path/../Frameworks @loader_path/Frameworks";
				MACOSX_DEPLOYMENT_TARGET = 10.10;
				OTHER_CFLAGS = "$(inherited)";
				OTHER_LDFLAGS = "$(inherited)";
				OTHER_SWIFT_FLAGS = "$(inherited) -Xcc -fmodule-map-file=$(SRCROOT)/.build/checkouts/swift-package-manager/Sources/clibc/include/module.modulemap";
				SWIFT_ACTIVE_COMPILATION_CONDITIONS = "$(inherited)";
				SWIFT_VERSION = 5.0;
				TARGET_NAME = PushTests;
				TVOS_DEPLOYMENT_TARGET = 9.0;
				WATCHOS_DEPLOYMENT_TARGET = 2.0;
			};
			name = Debug;
		};
		OBJ_217 /* Release */ = {
			isa = XCBuildConfiguration;
			buildSettings = {
				CLANG_ENABLE_MODULES = YES;
				EMBEDDED_CONTENT_CONTAINS_SWIFT = YES;
				FRAMEWORK_SEARCH_PATHS = (
					"$(inherited)",
					"$(PLATFORM_DIR)/Developer/Library/Frameworks",
				);
				HEADER_SEARCH_PATHS = (
					"$(inherited)",
					"$(SRCROOT)/.build/checkouts/swift-package-manager/Sources/clibc/include",
				);
				INFOPLIST_FILE = Push.xcodeproj/PushTests_Info.plist;
				IPHONEOS_DEPLOYMENT_TARGET = 8.0;
				LD_RUNPATH_SEARCH_PATHS = "$(inherited) @loader_path/../Frameworks @loader_path/Frameworks";
				MACOSX_DEPLOYMENT_TARGET = 10.10;
				OTHER_CFLAGS = "$(inherited)";
				OTHER_LDFLAGS = "$(inherited)";
				OTHER_SWIFT_FLAGS = "$(inherited) -Xcc -fmodule-map-file=$(SRCROOT)/.build/checkouts/swift-package-manager/Sources/clibc/include/module.modulemap";
				SWIFT_ACTIVE_COMPILATION_CONDITIONS = "$(inherited)";
				SWIFT_VERSION = 5.0;
				TARGET_NAME = PushTests;
				TVOS_DEPLOYMENT_TARGET = 9.0;
				WATCHOS_DEPLOYMENT_TARGET = 2.0;
			};
			name = Release;
		};
		OBJ_233 /* Debug */ = {
			isa = XCBuildConfiguration;
			buildSettings = {
				ENABLE_TESTABILITY = YES;
				FRAMEWORK_SEARCH_PATHS = (
					"$(inherited)",
					"$(PLATFORM_DIR)/Developer/Library/Frameworks",
				);
				HEADER_SEARCH_PATHS = (
					"$(inherited)",
					"$(SRCROOT)/.build/checkouts/swift-package-manager/Sources/clibc/include",
				);
				INFOPLIST_FILE = Push.xcodeproj/SPMLibc_Info.plist;
				LD_RUNPATH_SEARCH_PATHS = "$(inherited) $(TOOLCHAIN_DIR)/usr/lib/swift/macosx";
				OTHER_CFLAGS = "$(inherited)";
				OTHER_LDFLAGS = "$(inherited)";
				OTHER_SWIFT_FLAGS = "$(inherited) -Xcc -fmodule-map-file=$(SRCROOT)/.build/checkouts/swift-package-manager/Sources/clibc/include/module.modulemap";
				PRODUCT_BUNDLE_IDENTIFIER = SPMLibc;
				PRODUCT_MODULE_NAME = "$(TARGET_NAME:c99extidentifier)";
				PRODUCT_NAME = "$(TARGET_NAME:c99extidentifier)";
				SKIP_INSTALL = YES;
				SWIFT_ACTIVE_COMPILATION_CONDITIONS = "$(inherited)";
				SWIFT_VERSION = 4.2;
				TARGET_NAME = SPMLibc;
			};
			name = Debug;
		};
		OBJ_234 /* Release */ = {
			isa = XCBuildConfiguration;
			buildSettings = {
				ENABLE_TESTABILITY = YES;
				FRAMEWORK_SEARCH_PATHS = (
					"$(inherited)",
					"$(PLATFORM_DIR)/Developer/Library/Frameworks",
				);
				HEADER_SEARCH_PATHS = (
					"$(inherited)",
					"$(SRCROOT)/.build/checkouts/swift-package-manager/Sources/clibc/include",
				);
				INFOPLIST_FILE = Push.xcodeproj/SPMLibc_Info.plist;
				LD_RUNPATH_SEARCH_PATHS = "$(inherited) $(TOOLCHAIN_DIR)/usr/lib/swift/macosx";
				OTHER_CFLAGS = "$(inherited)";
				OTHER_LDFLAGS = "$(inherited)";
				OTHER_SWIFT_FLAGS = "$(inherited) -Xcc -fmodule-map-file=$(SRCROOT)/.build/checkouts/swift-package-manager/Sources/clibc/include/module.modulemap";
				PRODUCT_BUNDLE_IDENTIFIER = SPMLibc;
				PRODUCT_MODULE_NAME = "$(TARGET_NAME:c99extidentifier)";
				PRODUCT_NAME = "$(TARGET_NAME:c99extidentifier)";
				SKIP_INSTALL = YES;
				SWIFT_ACTIVE_COMPILATION_CONDITIONS = "$(inherited)";
				SWIFT_VERSION = 4.2;
				TARGET_NAME = SPMLibc;
			};
			name = Release;
		};
		OBJ_241 /* Debug */ = {
			isa = XCBuildConfiguration;
			buildSettings = {
				ENABLE_TESTABILITY = YES;
				FRAMEWORK_SEARCH_PATHS = (
					"$(inherited)",
					"$(PLATFORM_DIR)/Developer/Library/Frameworks",
				);
				HEADER_SEARCH_PATHS = (
					"$(inherited)",
					"$(SRCROOT)/.build/checkouts/swift-package-manager/Sources/clibc/include",
				);
				INFOPLIST_FILE = Push.xcodeproj/SPMUtility_Info.plist;
				LD_RUNPATH_SEARCH_PATHS = "$(inherited) $(TOOLCHAIN_DIR)/usr/lib/swift/macosx";
				OTHER_CFLAGS = "$(inherited)";
				OTHER_LDFLAGS = "$(inherited)";
				OTHER_SWIFT_FLAGS = "$(inherited) -Xcc -fmodule-map-file=$(SRCROOT)/.build/checkouts/swift-package-manager/Sources/clibc/include/module.modulemap";
				PRODUCT_BUNDLE_IDENTIFIER = SPMUtility;
				PRODUCT_MODULE_NAME = "$(TARGET_NAME:c99extidentifier)";
				PRODUCT_NAME = "$(TARGET_NAME:c99extidentifier)";
				SKIP_INSTALL = YES;
				SWIFT_ACTIVE_COMPILATION_CONDITIONS = "$(inherited)";
				SWIFT_VERSION = 4.2;
				TARGET_NAME = SPMUtility;
			};
			name = Debug;
		};
		OBJ_242 /* Release */ = {
			isa = XCBuildConfiguration;
			buildSettings = {
				ENABLE_TESTABILITY = YES;
				FRAMEWORK_SEARCH_PATHS = (
					"$(inherited)",
					"$(PLATFORM_DIR)/Developer/Library/Frameworks",
				);
				HEADER_SEARCH_PATHS = (
					"$(inherited)",
					"$(SRCROOT)/.build/checkouts/swift-package-manager/Sources/clibc/include",
				);
				INFOPLIST_FILE = Push.xcodeproj/SPMUtility_Info.plist;
				LD_RUNPATH_SEARCH_PATHS = "$(inherited) $(TOOLCHAIN_DIR)/usr/lib/swift/macosx";
				OTHER_CFLAGS = "$(inherited)";
				OTHER_LDFLAGS = "$(inherited)";
				OTHER_SWIFT_FLAGS = "$(inherited) -Xcc -fmodule-map-file=$(SRCROOT)/.build/checkouts/swift-package-manager/Sources/clibc/include/module.modulemap";
				PRODUCT_BUNDLE_IDENTIFIER = SPMUtility;
				PRODUCT_MODULE_NAME = "$(TARGET_NAME:c99extidentifier)";
				PRODUCT_NAME = "$(TARGET_NAME:c99extidentifier)";
				SKIP_INSTALL = YES;
				SWIFT_ACTIVE_COMPILATION_CONDITIONS = "$(inherited)";
				SWIFT_VERSION = 4.2;
				TARGET_NAME = SPMUtility;
			};
			name = Release;
		};
		OBJ_275 /* Debug */ = {
			isa = XCBuildConfiguration;
			buildSettings = {
				LD = /usr/bin/true;
				OTHER_SWIFT_FLAGS = "-swift-version 4.2 -I $(TOOLCHAIN_DIR)/usr/lib/swift/pm/4_2 -target x86_64-apple-macosx10.10 -sdk /Applications/Xcode.app/Contents/Developer/Platforms/MacOSX.platform/Developer/SDKs/MacOSX10.15.sdk -package-description-version 4.2";
				SWIFT_VERSION = 4.2;
			};
			name = Debug;
		};
		OBJ_276 /* Release */ = {
			isa = XCBuildConfiguration;
			buildSettings = {
				LD = /usr/bin/true;
				OTHER_SWIFT_FLAGS = "-swift-version 4.2 -I $(TOOLCHAIN_DIR)/usr/lib/swift/pm/4_2 -target x86_64-apple-macosx10.10 -sdk /Applications/Xcode.app/Contents/Developer/Platforms/MacOSX.platform/Developer/SDKs/MacOSX10.15.sdk -package-description-version 4.2";
				SWIFT_VERSION = 4.2;
			};
			name = Release;
		};
		OBJ_280 /* Debug */ = {
			isa = XCBuildConfiguration;
			buildSettings = {
				DEFINES_MODULE = NO;
				ENABLE_TESTABILITY = YES;
				FRAMEWORK_SEARCH_PATHS = (
					"$(inherited)",
					"$(PLATFORM_DIR)/Developer/Library/Frameworks",
				);
				HEADER_SEARCH_PATHS = (
					"$(inherited)",
					"$(SRCROOT)/.build/checkouts/swift-package-manager/Sources/clibc/include",
				);
				INFOPLIST_FILE = Push.xcodeproj/clibc_Info.plist;
				LD_RUNPATH_SEARCH_PATHS = "$(inherited) $(TOOLCHAIN_DIR)/usr/lib/swift/macosx";
				OTHER_CFLAGS = "$(inherited)";
				OTHER_LDFLAGS = "$(inherited)";
				OTHER_SWIFT_FLAGS = "$(inherited)";
				PRODUCT_BUNDLE_IDENTIFIER = clibc;
				PRODUCT_MODULE_NAME = "$(TARGET_NAME:c99extidentifier)";
				PRODUCT_NAME = "$(TARGET_NAME:c99extidentifier)";
				SKIP_INSTALL = YES;
				SWIFT_ACTIVE_COMPILATION_CONDITIONS = "$(inherited)";
				TARGET_NAME = clibc;
			};
			name = Debug;
		};
		OBJ_281 /* Release */ = {
			isa = XCBuildConfiguration;
			buildSettings = {
				DEFINES_MODULE = NO;
				ENABLE_TESTABILITY = YES;
				FRAMEWORK_SEARCH_PATHS = (
					"$(inherited)",
					"$(PLATFORM_DIR)/Developer/Library/Frameworks",
				);
				HEADER_SEARCH_PATHS = (
					"$(inherited)",
					"$(SRCROOT)/.build/checkouts/swift-package-manager/Sources/clibc/include",
				);
				INFOPLIST_FILE = Push.xcodeproj/clibc_Info.plist;
				LD_RUNPATH_SEARCH_PATHS = "$(inherited) $(TOOLCHAIN_DIR)/usr/lib/swift/macosx";
				OTHER_CFLAGS = "$(inherited)";
				OTHER_LDFLAGS = "$(inherited)";
				OTHER_SWIFT_FLAGS = "$(inherited)";
				PRODUCT_BUNDLE_IDENTIFIER = clibc;
				PRODUCT_MODULE_NAME = "$(TARGET_NAME:c99extidentifier)";
				PRODUCT_NAME = "$(TARGET_NAME:c99extidentifier)";
				SKIP_INSTALL = YES;
				SWIFT_ACTIVE_COMPILATION_CONDITIONS = "$(inherited)";
				TARGET_NAME = clibc;
			};
			name = Release;
		};
		OBJ_3 /* Debug */ = {
			isa = XCBuildConfiguration;
			buildSettings = {
				CLANG_ENABLE_OBJC_ARC = YES;
				COMBINE_HIDPI_IMAGES = YES;
				COPY_PHASE_STRIP = NO;
				DEBUG_INFORMATION_FORMAT = dwarf;
				DYLIB_INSTALL_NAME_BASE = "@rpath";
				ENABLE_NS_ASSERTIONS = YES;
				GCC_OPTIMIZATION_LEVEL = 0;
				GCC_PREPROCESSOR_DEFINITIONS = (
					"$(inherited)",
					"SWIFT_PACKAGE=1",
					"DEBUG=1",
				);
				MACOSX_DEPLOYMENT_TARGET = 10.10;
				ONLY_ACTIVE_ARCH = YES;
				OTHER_SWIFT_FLAGS = "$(inherited) -DXcode";
				PRODUCT_NAME = "$(TARGET_NAME)";
				SDKROOT = macosx;
				SUPPORTED_PLATFORMS = "macosx iphoneos iphonesimulator appletvos appletvsimulator watchos watchsimulator";
				SWIFT_ACTIVE_COMPILATION_CONDITIONS = "$(inherited) SWIFT_PACKAGE DEBUG";
				SWIFT_OPTIMIZATION_LEVEL = "-Onone";
				USE_HEADERMAP = NO;
			};
			name = Debug;
		};
		OBJ_4 /* Release */ = {
			isa = XCBuildConfiguration;
			buildSettings = {
				CLANG_ENABLE_OBJC_ARC = YES;
				COMBINE_HIDPI_IMAGES = YES;
				COPY_PHASE_STRIP = YES;
				DEBUG_INFORMATION_FORMAT = "dwarf-with-dsym";
				DYLIB_INSTALL_NAME_BASE = "@rpath";
				GCC_OPTIMIZATION_LEVEL = s;
				GCC_PREPROCESSOR_DEFINITIONS = (
					"$(inherited)",
					"SWIFT_PACKAGE=1",
				);
				MACOSX_DEPLOYMENT_TARGET = 10.10;
				OTHER_SWIFT_FLAGS = "$(inherited) -DXcode";
				PRODUCT_NAME = "$(TARGET_NAME)";
				SDKROOT = macosx;
				SUPPORTED_PLATFORMS = "macosx iphoneos iphonesimulator appletvos appletvsimulator watchos watchsimulator";
				SWIFT_ACTIVE_COMPILATION_CONDITIONS = "$(inherited) SWIFT_PACKAGE";
				SWIFT_OPTIMIZATION_LEVEL = "-Owholemodule";
				USE_HEADERMAP = NO;
			};
			name = Release;
		};
/* End XCBuildConfiguration section */

/* Begin XCConfigurationList section */
		OBJ_119 /* Build configuration list for PBXNativeTarget "Basic" */ = {
			isa = XCConfigurationList;
			buildConfigurations = (
				OBJ_120 /* Debug */,
				OBJ_121 /* Release */,
			);
			defaultConfigurationIsVisible = 0;
			defaultConfigurationName = Release;
		};
		OBJ_171 /* Build configuration list for PBXNativeTarget "Push" */ = {
			isa = XCConfigurationList;
			buildConfigurations = (
				OBJ_172 /* Debug */,
				OBJ_173 /* Release */,
			);
			defaultConfigurationIsVisible = 0;
			defaultConfigurationName = Release;
		};
		OBJ_189 /* Build configuration list for PBXNativeTarget "PushCore" */ = {
			isa = XCConfigurationList;
			buildConfigurations = (
				OBJ_190 /* Debug */,
				OBJ_191 /* Release */,
			);
			defaultConfigurationIsVisible = 0;
			defaultConfigurationName = Release;
		};
		OBJ_2 /* Build configuration list for PBXProject "Push" */ = {
			isa = XCConfigurationList;
			buildConfigurations = (
				OBJ_3 /* Debug */,
				OBJ_4 /* Release */,
			);
			defaultConfigurationIsVisible = 0;
			defaultConfigurationName = Release;
		};
		OBJ_204 /* Build configuration list for PBXNativeTarget "PushPackageDescription" */ = {
			isa = XCConfigurationList;
			buildConfigurations = (
				OBJ_205 /* Debug */,
				OBJ_206 /* Release */,
			);
			defaultConfigurationIsVisible = 0;
			defaultConfigurationName = Release;
		};
		OBJ_210 /* Build configuration list for PBXAggregateTarget "PushPackageTests" */ = {
			isa = XCConfigurationList;
			buildConfigurations = (
				OBJ_211 /* Debug */,
				OBJ_212 /* Release */,
			);
			defaultConfigurationIsVisible = 0;
			defaultConfigurationName = Release;
		};
		OBJ_215 /* Build configuration list for PBXNativeTarget "PushTests" */ = {
			isa = XCConfigurationList;
			buildConfigurations = (
				OBJ_216 /* Debug */,
				OBJ_217 /* Release */,
			);
			defaultConfigurationIsVisible = 0;
			defaultConfigurationName = Release;
		};
		OBJ_232 /* Build configuration list for PBXNativeTarget "SPMLibc" */ = {
			isa = XCConfigurationList;
			buildConfigurations = (
				OBJ_233 /* Debug */,
				OBJ_234 /* Release */,
			);
			defaultConfigurationIsVisible = 0;
			defaultConfigurationName = Release;
		};
		OBJ_240 /* Build configuration list for PBXNativeTarget "SPMUtility" */ = {
			isa = XCConfigurationList;
			buildConfigurations = (
				OBJ_241 /* Debug */,
				OBJ_242 /* Release */,
			);
			defaultConfigurationIsVisible = 0;
			defaultConfigurationName = Release;
		};
		OBJ_274 /* Build configuration list for PBXNativeTarget "SwiftPMPackageDescription" */ = {
			isa = XCConfigurationList;
			buildConfigurations = (
				OBJ_275 /* Debug */,
				OBJ_276 /* Release */,
			);
			defaultConfigurationIsVisible = 0;
			defaultConfigurationName = Release;
		};
		OBJ_279 /* Build configuration list for PBXNativeTarget "clibc" */ = {
			isa = XCConfigurationList;
			buildConfigurations = (
				OBJ_280 /* Debug */,
				OBJ_281 /* Release */,
			);
			defaultConfigurationIsVisible = 0;
			defaultConfigurationName = Release;
		};
/* End XCConfigurationList section */
	};
	rootObject = OBJ_1 /* Project object */;
}
